// !$*UTF8*$!
{
	archiveVersion = 1;
	classes = {
	};
	objectVersion = 46;
	objects = {

/* Begin PBXBuildFile section */
		BC3908FC39AB4446A8EBB045 /* libPods.a in Frameworks */ = {isa = PBXBuildFile; fileRef = 4BE5DABF7FE949C2938F3A95 /* libPods.a */; };
		CA6C6BF61A11E3B00075C43E /* SystemConfiguration.framework in Frameworks */ = {isa = PBXBuildFile; fileRef = CA6C6BF51A11E3B00075C43E /* SystemConfiguration.framework */; };
		CA6C6BF81A11E3BE0075C43E /* MobileCoreServices.framework in Frameworks */ = {isa = PBXBuildFile; fileRef = CA6C6BF71A11E3BE0075C43E /* MobileCoreServices.framework */; };
		CA6C6BFA1A11E3CB0075C43E /* MessageUI.framework in Frameworks */ = {isa = PBXBuildFile; fileRef = CA6C6BF91A11E3CB0075C43E /* MessageUI.framework */; };
		CA6C6BFC1A11E3DA0075C43E /* CoreMedia.framework in Frameworks */ = {isa = PBXBuildFile; fileRef = CA6C6BFB1A11E3DA0075C43E /* CoreMedia.framework */; };
		CA6C6BFE1A11E3E80075C43E /* AVFoundation.framework in Frameworks */ = {isa = PBXBuildFile; fileRef = CA6C6BFD1A11E3E80075C43E /* AVFoundation.framework */; };
		CA6C6C001A11E3F50075C43E /* AudioToolbox.framework in Frameworks */ = {isa = PBXBuildFile; fileRef = CA6C6BFF1A11E3F50075C43E /* AudioToolbox.framework */; };
		DA2B825019B0D87400306376 /* QuartzCore.framework in Frameworks */ = {isa = PBXBuildFile; fileRef = DA2B824F19B0D87400306376 /* QuartzCore.framework */; };
		DA8DD6A119EC9B3D0061185B /* CoreLocation.framework in Frameworks */ = {isa = PBXBuildFile; fileRef = DA8DD6A019EC9B3D0061185B /* CoreLocation.framework */; };
		DACDCE891B0FC4B300A81163 /* FBSDKCoreKit.framework in Frameworks */ = {isa = PBXBuildFile; fileRef = DACDCE861B0FC4B300A81163 /* FBSDKCoreKit.framework */; };
		DACDCE8A1B0FC4B300A81163 /* FBSDKLoginKit.framework in Frameworks */ = {isa = PBXBuildFile; fileRef = DACDCE871B0FC4B300A81163 /* FBSDKLoginKit.framework */; };
		DACDCE8B1B0FC4B300A81163 /* FBSDKShareKit.framework in Frameworks */ = {isa = PBXBuildFile; fileRef = DACDCE881B0FC4B300A81163 /* FBSDKShareKit.framework */; };
		DAD3B0391B1B8A3E005EF1C5 /* RequestPaymentViewController.m in Sources */ = {isa = PBXBuildFile; fileRef = DAD3B0381B1B8A3E005EF1C5 /* RequestPaymentViewController.m */; };
		DAD3B0481B1B8BF9005EF1C5 /* OffersTabelViewDelegate.m in Sources */ = {isa = PBXBuildFile; fileRef = DAD3B03D1B1B8BF9005EF1C5 /* OffersTabelViewDelegate.m */; };
		DAD3B0491B1B8BF9005EF1C5 /* OffersTableViewDatasource.m in Sources */ = {isa = PBXBuildFile; fileRef = DAD3B03F1B1B8BF9005EF1C5 /* OffersTableViewDatasource.m */; };
		DAD3B04A1B1B8BF9005EF1C5 /* TPFloatRatingView.m in Sources */ = {isa = PBXBuildFile; fileRef = DAD3B0411B1B8BF9005EF1C5 /* TPFloatRatingView.m */; };
		DAD3B04B1B1B8BF9005EF1C5 /* JobDetailViewController.m in Sources */ = {isa = PBXBuildFile; fileRef = DAD3B0431B1B8BF9005EF1C5 /* JobDetailViewController.m */; };
		DAD3B04C1B1B8BF9005EF1C5 /* OffersTableViewCell.m in Sources */ = {isa = PBXBuildFile; fileRef = DAD3B0451B1B8BF9005EF1C5 /* OffersTableViewCell.m */; };
		DAD3B04D1B1B8BF9005EF1C5 /* RequestDetailViewController.m in Sources */ = {isa = PBXBuildFile; fileRef = DAD3B0471B1B8BF9005EF1C5 /* RequestDetailViewController.m */; };
		DAD3B04E1B1BDDB7005EF1C5 /* InfoPlist.strings in Resources */ = {isa = PBXBuildFile; fileRef = DAD6FB991B1B756B006D9ED2 /* InfoPlist.strings */; };
		DAD6FC671B1B756C006D9ED2 /* AppDelegate.m in Sources */ = {isa = PBXBuildFile; fileRef = DAD6FB861B1B756B006D9ED2 /* AppDelegate.m */; };
		DAD6FC681B1B756C006D9ED2 /* Main_iPhone.storyboard in Resources */ = {isa = PBXBuildFile; fileRef = DAD6FB871B1B756B006D9ED2 /* Main_iPhone.storyboard */; };
		DAD6FC6C1B1B756C006D9ED2 /* CreateRequestViewController.m in Sources */ = {isa = PBXBuildFile; fileRef = DAD6FB8F1B1B756B006D9ED2 /* CreateRequestViewController.m */; };
		DAD6FC6D1B1B756C006D9ED2 /* UIBlurView.m in Sources */ = {isa = PBXBuildFile; fileRef = DAD6FB921B1B756B006D9ED2 /* UIBlurView.m */; };
		DAD6FC6E1B1B756C006D9ED2 /* NSDate+Utilities.m in Sources */ = {isa = PBXBuildFile; fileRef = DAD6FB951B1B756B006D9ED2 /* NSDate+Utilities.m */; };
		DAD6FC731B1B756C006D9ED2 /* CategoryCollectionView.m in Sources */ = {isa = PBXBuildFile; fileRef = DAD6FB9E1B1B756B006D9ED2 /* CategoryCollectionView.m */; };
		DAD6FC741B1B756C006D9ED2 /* CategoryTypeCell.m in Sources */ = {isa = PBXBuildFile; fileRef = DAD6FBA01B1B756B006D9ED2 /* CategoryTypeCell.m */; };
		DAD6FC751B1B756C006D9ED2 /* CategoryCollectionViewDatasource.m in Sources */ = {isa = PBXBuildFile; fileRef = DAD6FBA31B1B756B006D9ED2 /* CategoryCollectionViewDatasource.m */; };
		DAD6FC761B1B756C006D9ED2 /* CategoryCollectionViewDelgate.m in Sources */ = {isa = PBXBuildFile; fileRef = DAD6FBA51B1B756B006D9ED2 /* CategoryCollectionViewDelgate.m */; };
		DAD6FC771B1B756C006D9ED2 /* CategoryCollectionViewFlowLayout.m in Sources */ = {isa = PBXBuildFile; fileRef = DAD6FBA71B1B756B006D9ED2 /* CategoryCollectionViewFlowLayout.m */; };
		DAD6FC781B1B756C006D9ED2 /* HomeViewController.m in Sources */ = {isa = PBXBuildFile; fileRef = DAD6FBA91B1B756B006D9ED2 /* HomeViewController.m */; };
		DAD6FC791B1B756C006D9ED2 /* PaymentTableViewCell.m in Sources */ = {isa = PBXBuildFile; fileRef = DAD6FBAC1B1B756B006D9ED2 /* PaymentTableViewCell.m */; };
		DAD6FC7A1B1B756C006D9ED2 /* AcceptedRequestsTableViewController.m in Sources */ = {isa = PBXBuildFile; fileRef = DAD6FBAF1B1B756B006D9ED2 /* AcceptedRequestsTableViewController.m */; };
		DAD6FC7B1B1B756C006D9ED2 /* CompletedRequestsTableViewController.m in Sources */ = {isa = PBXBuildFile; fileRef = DAD6FBB11B1B756B006D9ED2 /* CompletedRequestsTableViewController.m */; };
		DAD6FC7C1B1B756C006D9ED2 /* OpenRequestsTableViewController.m in Sources */ = {isa = PBXBuildFile; fileRef = DAD6FBB31B1B756B006D9ED2 /* OpenRequestsTableViewController.m */; };
		DAD6FC7D1B1B756C006D9ED2 /* RequestTableViewCell.m in Sources */ = {isa = PBXBuildFile; fileRef = DAD6FBB61B1B756B006D9ED2 /* RequestTableViewCell.m */; };
		DAD6FC7E1B1B756C006D9ED2 /* RadiusTableViewCell.m in Sources */ = {isa = PBXBuildFile; fileRef = DAD6FBB91B1B756B006D9ED2 /* RadiusTableViewCell.m */; };
		DAD6FC7F1B1B756C006D9ED2 /* SettingsTableCell.m in Sources */ = {isa = PBXBuildFile; fileRef = DAD6FBBB1B1B756B006D9ED2 /* SettingsTableCell.m */; };
		DAD6FC801B1B756C006D9ED2 /* VendorBidsOwnedTableViewController.m in Sources */ = {isa = PBXBuildFile; fileRef = DAD6FBBD1B1B756B006D9ED2 /* VendorBidsOwnedTableViewController.m */; };
		DAD6FC811B1B756C006D9ED2 /* VendorOpenRequestsTableViewController.m in Sources */ = {isa = PBXBuildFile; fileRef = DAD6FBBF1B1B756B006D9ED2 /* VendorOpenRequestsTableViewController.m */; };
		DAD6FC821B1B756C006D9ED2 /* VendorPlacedBidsTableViewController.m in Sources */ = {isa = PBXBuildFile; fileRef = DAD6FBC11B1B756B006D9ED2 /* VendorPlacedBidsTableViewController.m */; };
		DAD6FC831B1B756C006D9ED2 /* VendorTableViewCell.m in Sources */ = {isa = PBXBuildFile; fileRef = DAD6FBC41B1B756B006D9ED2 /* VendorTableViewCell.m */; };
		DAD6FC841B1B756C006D9ED2 /* VendorViewController.m in Sources */ = {isa = PBXBuildFile; fileRef = DAD6FBC61B1B756B006D9ED2 /* VendorViewController.m */; };
		DAD6FC851B1B756C006D9ED2 /* accept.png in Resources */ = {isa = PBXBuildFile; fileRef = DAD6FBC81B1B756B006D9ED2 /* accept.png */; };
		DAD6FC861B1B756C006D9ED2 /* bar.png in Resources */ = {isa = PBXBuildFile; fileRef = DAD6FBC91B1B756B006D9ED2 /* bar.png */; };
		DAD6FC871B1B756C006D9ED2 /* bidkraftTitle.png in Resources */ = {isa = PBXBuildFile; fileRef = DAD6FBCA1B1B756B006D9ED2 /* bidkraftTitle.png */; };
		DAD6FC891B1B756C006D9ED2 /* createrequest.png in Resources */ = {isa = PBXBuildFile; fileRef = DAD6FBCC1B1B756B006D9ED2 /* createrequest.png */; };
		DAD6FC8A1B1B756C006D9ED2 /* down_arrow.png in Resources */ = {isa = PBXBuildFile; fileRef = DAD6FBCD1B1B756B006D9ED2 /* down_arrow.png */; };
		DAD6FC8B1B1B756C006D9ED2 /* half_selected_star.png in Resources */ = {isa = PBXBuildFile; fileRef = DAD6FBCE1B1B756B006D9ED2 /* half_selected_star.png */; };
		DAD6FC8C1B1B756C006D9ED2 /* half_selected_star@2x.png in Resources */ = {isa = PBXBuildFile; fileRef = DAD6FBCF1B1B756B006D9ED2 /* half_selected_star@2x.png */; };
		DAD6FC8D1B1B756C006D9ED2 /* hammer.png in Resources */ = {isa = PBXBuildFile; fileRef = DAD6FBD01B1B756B006D9ED2 /* hammer.png */; };
		DAD6FC8E1B1B756C006D9ED2 /* icon.png in Resources */ = {isa = PBXBuildFile; fileRef = DAD6FBD11B1B756B006D9ED2 /* icon.png */; };
		DAD6FC8F1B1B756C006D9ED2 /* login_logo.png in Resources */ = {isa = PBXBuildFile; fileRef = DAD6FBD21B1B756B006D9ED2 /* login_logo.png */; };
		DAD6FC911B1B756C006D9ED2 /* not_selected_star.png in Resources */ = {isa = PBXBuildFile; fileRef = DAD6FBD41B1B756B006D9ED2 /* not_selected_star.png */; };
		DAD6FC921B1B756C006D9ED2 /* not_selected_star@2x.png in Resources */ = {isa = PBXBuildFile; fileRef = DAD6FBD51B1B756B006D9ED2 /* not_selected_star@2x.png */; };
		DAD6FC931B1B756C006D9ED2 /* pet.png in Resources */ = {isa = PBXBuildFile; fileRef = DAD6FBD61B1B756B006D9ED2 /* pet.png */; };
		DAD6FC951B1B756C006D9ED2 /* rigid_baby.png in Resources */ = {isa = PBXBuildFile; fileRef = DAD6FBD81B1B756B006D9ED2 /* rigid_baby.png */; };
		DAD6FC961B1B756C006D9ED2 /* selected_star.png in Resources */ = {isa = PBXBuildFile; fileRef = DAD6FBD91B1B756B006D9ED2 /* selected_star.png */; };
		DAD6FC971B1B756C006D9ED2 /* selected_star@2x.png in Resources */ = {isa = PBXBuildFile; fileRef = DAD6FBDA1B1B756B006D9ED2 /* selected_star@2x.png */; };
		DAD6FC981B1B756C006D9ED2 /* settings.png in Resources */ = {isa = PBXBuildFile; fileRef = DAD6FBDB1B1B756B006D9ED2 /* settings.png */; };
		DAD6FC991B1B756C006D9ED2 /* textbook.png in Resources */ = {isa = PBXBuildFile; fileRef = DAD6FBDC1B1B756B006D9ED2 /* textbook.png */; };
		DAD6FC9A1B1B756C006D9ED2 /* tutor.png in Resources */ = {isa = PBXBuildFile; fileRef = DAD6FBDD1B1B756B006D9ED2 /* tutor.png */; };
		DAD6FC9D1B1B756C006D9ED2 /* up_arrow.png in Resources */ = {isa = PBXBuildFile; fileRef = DAD6FBE01B1B756B006D9ED2 /* up_arrow.png */; };
		DAD6FC9E1B1B756C006D9ED2 /* user_icon.png in Resources */ = {isa = PBXBuildFile; fileRef = DAD6FBE11B1B756B006D9ED2 /* user_icon.png */; };
		DAD6FC9F1B1B756C006D9ED2 /* vendor_icon.png in Resources */ = {isa = PBXBuildFile; fileRef = DAD6FBE21B1B756B006D9ED2 /* vendor_icon.png */; };
		DAD6FCA01B1B756C006D9ED2 /* Images.xcassets in Resources */ = {isa = PBXBuildFile; fileRef = DAD6FBE31B1B756B006D9ED2 /* Images.xcassets */; };
		DAD6FCA11B1B756C006D9ED2 /* IQKeyboardManager.bundle in Resources */ = {isa = PBXBuildFile; fileRef = DAD6FBE41B1B756B006D9ED2 /* IQKeyboardManager.bundle */; };
		DAD6FCA21B1B756C006D9ED2 /* LoginViewController.m in Sources */ = {isa = PBXBuildFile; fileRef = DAD6FBE61B1B756B006D9ED2 /* LoginViewController.m */; };
		DAD6FCA31B1B756C006D9ED2 /* main.m in Sources */ = {isa = PBXBuildFile; fileRef = DAD6FBE71B1B756B006D9ED2 /* main.m */; };
		DAD6FCA41B1B756C006D9ED2 /* BidDetails.m in Sources */ = {isa = PBXBuildFile; fileRef = DAD6FBEA1B1B756B006D9ED2 /* BidDetails.m */; };
		DAD6FCA51B1B756C006D9ED2 /* ProfileData.m in Sources */ = {isa = PBXBuildFile; fileRef = DAD6FBEC1B1B756B006D9ED2 /* ProfileData.m */; };
		DAD6FCA61B1B756C006D9ED2 /* User.m in Sources */ = {isa = PBXBuildFile; fileRef = DAD6FBEE1B1B756B006D9ED2 /* User.m */; };
		DAD6FCA71B1B756C006D9ED2 /* UserProfile.m in Sources */ = {isa = PBXBuildFile; fileRef = DAD6FBF01B1B756B006D9ED2 /* UserProfile.m */; };
		DAD6FCA81B1B756C006D9ED2 /* UserRequests.m in Sources */ = {isa = PBXBuildFile; fileRef = DAD6FBF21B1B756B006D9ED2 /* UserRequests.m */; };
		DAD6FCA91B1B756C006D9ED2 /* VendorBidDetail.m in Sources */ = {isa = PBXBuildFile; fileRef = DAD6FBF51B1B756B006D9ED2 /* VendorBidDetail.m */; };
		DAD6FCAA1B1B756C006D9ED2 /* VendorBidRequest.m in Sources */ = {isa = PBXBuildFile; fileRef = DAD6FBF71B1B756B006D9ED2 /* VendorBidRequest.m */; };
		DAD6FCAB1B1B756C006D9ED2 /* VendorData.m in Sources */ = {isa = PBXBuildFile; fileRef = DAD6FBF91B1B756B006D9ED2 /* VendorData.m */; };
		DAD6FCAC1B1B756C006D9ED2 /* VendorTableCell.xib in Resources */ = {isa = PBXBuildFile; fileRef = DAD6FBFA1B1B756B006D9ED2 /* VendorTableCell.xib */; };
		DAD6FCAE1B1B756C006D9ED2 /* PayListViewController.m in Sources */ = {isa = PBXBuildFile; fileRef = DAD6FBFE1B1B756C006D9ED2 /* PayListViewController.m */; };
		DAD6FCAF1B1B756C006D9ED2 /* PaymentViewController.m in Sources */ = {isa = PBXBuildFile; fileRef = DAD6FC001B1B756C006D9ED2 /* PaymentViewController.m */; };
		DAD6FCB11B1B756C006D9ED2 /* RegistrationDropDownCell.m in Sources */ = {isa = PBXBuildFile; fileRef = DAD6FC041B1B756C006D9ED2 /* RegistrationDropDownCell.m */; };
		DAD6FCB21B1B756C006D9ED2 /* RegistrationTableViewCell.m in Sources */ = {isa = PBXBuildFile; fileRef = DAD6FC061B1B756C006D9ED2 /* RegistrationTableViewCell.m */; };
		DAD6FCB31B1B756C006D9ED2 /* RegistrationViewController.m in Sources */ = {isa = PBXBuildFile; fileRef = DAD6FC081B1B756C006D9ED2 /* RegistrationViewController.m */; };
		DAD6FCC01B1B756C006D9ED2 /* ResultsSearchTableViewController.m in Sources */ = {isa = PBXBuildFile; fileRef = DAD6FC271B1B756C006D9ED2 /* ResultsSearchTableViewController.m */; };
		DAD6FCC11B1B756C006D9ED2 /* UserSearchTableViewCell.m in Sources */ = {isa = PBXBuildFile; fileRef = DAD6FC2A1B1B756C006D9ED2 /* UserSearchTableViewCell.m */; };
		DAD6FCC21B1B756C006D9ED2 /* VendorSearchTableViewCell.m in Sources */ = {isa = PBXBuildFile; fileRef = DAD6FC2C1B1B756C006D9ED2 /* VendorSearchTableViewCell.m */; };
		DAD6FCC31B1B756C006D9ED2 /* VendorSearchTableViewController.m in Sources */ = {isa = PBXBuildFile; fileRef = DAD6FC2E1B1B756C006D9ED2 /* VendorSearchTableViewController.m */; };
		DAD6FCC41B1B756C006D9ED2 /* CustomerCareViewController.m in Sources */ = {isa = PBXBuildFile; fileRef = DAD6FC311B1B756C006D9ED2 /* CustomerCareViewController.m */; };
		DAD6FCC51B1B756C006D9ED2 /* ProfileAddressView.m in Sources */ = {isa = PBXBuildFile; fileRef = DAD6FC341B1B756C006D9ED2 /* ProfileAddressView.m */; };
		DAD6FCC61B1B756C006D9ED2 /* ProfileTableViewCell.m in Sources */ = {isa = PBXBuildFile; fileRef = DAD6FC361B1B756C006D9ED2 /* ProfileTableViewCell.m */; };
		DAD6FCC71B1B756C006D9ED2 /* ProfileViewController.m in Sources */ = {isa = PBXBuildFile; fileRef = DAD6FC381B1B756C006D9ED2 /* ProfileViewController.m */; };
		DAD6FCC81B1B756C006D9ED2 /* SettingsTableViewController.m in Sources */ = {isa = PBXBuildFile; fileRef = DAD6FC3A1B1B756C006D9ED2 /* SettingsTableViewController.m */; };
		DAD6FCC91B1B756C006D9ED2 /* UserPeferencesTableViewController.m in Sources */ = {isa = PBXBuildFile; fileRef = DAD6FC3C1B1B756C006D9ED2 /* UserPeferencesTableViewController.m */; };
		DAD6FCCA1B1B756C006D9ED2 /* UserSettingsTableViewCell.m in Sources */ = {isa = PBXBuildFile; fileRef = DAD6FC3E1B1B756C006D9ED2 /* UserSettingsTableViewCell.m */; };
		DAD6FCCB1B1B756C006D9ED2 /* VendorPreferencesTableViewController.m in Sources */ = {isa = PBXBuildFile; fileRef = DAD6FC401B1B756C006D9ED2 /* VendorPreferencesTableViewController.m */; };
		DAD6FCCE1B1B756C006D9ED2 /* TableCell.xib in Resources */ = {isa = PBXBuildFile; fileRef = DAD6FC431B1B756C006D9ED2 /* TableCell.xib */; };
		DAD6FCCF1B1B756C006D9ED2 /* AMTagListView.m in Sources */ = {isa = PBXBuildFile; fileRef = DAD6FC471B1B756C006D9ED2 /* AMTagListView.m */; };
		DAD6FCD01B1B756C006D9ED2 /* AMTagView.m in Sources */ = {isa = PBXBuildFile; fileRef = DAD6FC491B1B756C006D9ED2 /* AMTagView.m */; };
		DAD6FCD21B1B756C006D9ED2 /* IQDropDownTextField.m in Sources */ = {isa = PBXBuildFile; fileRef = DAD6FC4F1B1B756C006D9ED2 /* IQDropDownTextField.m */; };
		DAD6FCD31B1B756C006D9ED2 /* MPGNotification.m in Sources */ = {isa = PBXBuildFile; fileRef = DAD6FC521B1B756C006D9ED2 /* MPGNotification.m */; };
		DAD6FCD51B1B756C006D9ED2 /* MBProgressHUD.m in Sources */ = {isa = PBXBuildFile; fileRef = DAD6FC5E1B1B756C006D9ED2 /* MBProgressHUD.m */; };
		DAD6FCD61B1B756C006D9ED2 /* ASStarRatingView.m in Sources */ = {isa = PBXBuildFile; fileRef = DAD6FC611B1B756C006D9ED2 /* ASStarRatingView.m */; };
		DAD6FCD71B1B756C006D9ED2 /* VendorPlacedBidViewController.m in Sources */ = {isa = PBXBuildFile; fileRef = DAD6FC641B1B756C006D9ED2 /* VendorPlacedBidViewController.m */; };
		DAD6FCD81B1B756C006D9ED2 /* VendorRequestDetailViewController.m in Sources */ = {isa = PBXBuildFile; fileRef = DAD6FC661B1B756C006D9ED2 /* VendorRequestDetailViewController.m */; };
		DAD6FCDE1B1B7708006D9ED2 /* camera.png in Resources */ = {isa = PBXBuildFile; fileRef = DAD6FCD91B1B7708006D9ED2 /* camera.png */; };
		DAD6FCDF1B1B7708006D9ED2 /* default_profile_pic.png in Resources */ = {isa = PBXBuildFile; fileRef = DAD6FCDA1B1B7708006D9ED2 /* default_profile_pic.png */; };
		DAD6FCE01B1B7708006D9ED2 /* profile.png in Resources */ = {isa = PBXBuildFile; fileRef = DAD6FCDB1B1B7708006D9ED2 /* profile.png */; };
		DAD6FCE11B1B7708006D9ED2 /* star.png in Resources */ = {isa = PBXBuildFile; fileRef = DAD6FCDC1B1B7708006D9ED2 /* star.png */; };
		DAD6FCE21B1B7708006D9ED2 /* star@2x.png in Resources */ = {isa = PBXBuildFile; fileRef = DAD6FCDD1B1B7708006D9ED2 /* star@2x.png */; };
		DAD6FCE81B1B7937006D9ED2 /* Reachability.m in Sources */ = {isa = PBXBuildFile; fileRef = DAD6FCE51B1B7937006D9ED2 /* Reachability.m */; };
		DAD6FCE91B1B7937006D9ED2 /* ServiceManager.m in Sources */ = {isa = PBXBuildFile; fileRef = DAD6FCE71B1B7937006D9ED2 /* ServiceManager.m */; };
		DAD6FCF01B1B7951006D9ED2 /* CategoryIdConstants.m in Sources */ = {isa = PBXBuildFile; fileRef = DAD6FCEC1B1B7951006D9ED2 /* CategoryIdConstants.m */; };
		DAD6FCF11B1B7951006D9ED2 /* ServiceURLProvider.m in Sources */ = {isa = PBXBuildFile; fileRef = DAD6FCEE1B1B7951006D9ED2 /* ServiceURLProvider.m */; };
		DAFC780619B00B8700C66A14 /* Foundation.framework in Frameworks */ = {isa = PBXBuildFile; fileRef = DAFC780519B00B8700C66A14 /* Foundation.framework */; };
		DAFC780819B00B8700C66A14 /* CoreGraphics.framework in Frameworks */ = {isa = PBXBuildFile; fileRef = DAFC780719B00B8700C66A14 /* CoreGraphics.framework */; };
		DAFC780A19B00B8700C66A14 /* UIKit.framework in Frameworks */ = {isa = PBXBuildFile; fileRef = DAFC780919B00B8700C66A14 /* UIKit.framework */; };
		DAFC782819B00B8700C66A14 /* XCTest.framework in Frameworks */ = {isa = PBXBuildFile; fileRef = DAFC782719B00B8700C66A14 /* XCTest.framework */; };
		DAFC782919B00B8700C66A14 /* Foundation.framework in Frameworks */ = {isa = PBXBuildFile; fileRef = DAFC780519B00B8700C66A14 /* Foundation.framework */; };
		DAFC782A19B00B8700C66A14 /* UIKit.framework in Frameworks */ = {isa = PBXBuildFile; fileRef = DAFC780919B00B8700C66A14 /* UIKit.framework */; };
		DAFC783219B00B8700C66A14 /* InfoPlist.strings in Resources */ = {isa = PBXBuildFile; fileRef = DAFC783019B00B8700C66A14 /* InfoPlist.strings */; };
		DAFC783419B00B8700C66A14 /* NeighbourTests.m in Sources */ = {isa = PBXBuildFile; fileRef = DAFC783319B00B8700C66A14 /* NeighbourTests.m */; };
/* End PBXBuildFile section */

/* Begin PBXContainerItemProxy section */
		DAFC782B19B00B8700C66A14 /* PBXContainerItemProxy */ = {
			isa = PBXContainerItemProxy;
			containerPortal = DAFC77FA19B00B8700C66A14 /* Project object */;
			proxyType = 1;
			remoteGlobalIDString = DAFC780119B00B8700C66A14;
			remoteInfo = Neighbour;
		};
/* End PBXContainerItemProxy section */

/* Begin PBXFileReference section */
		28F5187B4F9D16A6E308A827 /* Pods.release.xcconfig */ = {isa = PBXFileReference; includeInIndex = 1; lastKnownFileType = text.xcconfig; name = Pods.release.xcconfig; path = "Pods/Target Support Files/Pods/Pods.release.xcconfig"; sourceTree = "<group>"; };
		4BE5DABF7FE949C2938F3A95 /* libPods.a */ = {isa = PBXFileReference; explicitFileType = archive.ar; includeInIndex = 0; path = libPods.a; sourceTree = BUILT_PRODUCTS_DIR; };
		CA6C6BF51A11E3B00075C43E /* SystemConfiguration.framework */ = {isa = PBXFileReference; lastKnownFileType = wrapper.framework; name = SystemConfiguration.framework; path = System/Library/Frameworks/SystemConfiguration.framework; sourceTree = SDKROOT; };
		CA6C6BF71A11E3BE0075C43E /* MobileCoreServices.framework */ = {isa = PBXFileReference; lastKnownFileType = wrapper.framework; name = MobileCoreServices.framework; path = System/Library/Frameworks/MobileCoreServices.framework; sourceTree = SDKROOT; };
		CA6C6BF91A11E3CB0075C43E /* MessageUI.framework */ = {isa = PBXFileReference; lastKnownFileType = wrapper.framework; name = MessageUI.framework; path = System/Library/Frameworks/MessageUI.framework; sourceTree = SDKROOT; };
		CA6C6BFB1A11E3DA0075C43E /* CoreMedia.framework */ = {isa = PBXFileReference; lastKnownFileType = wrapper.framework; name = CoreMedia.framework; path = System/Library/Frameworks/CoreMedia.framework; sourceTree = SDKROOT; };
		CA6C6BFD1A11E3E80075C43E /* AVFoundation.framework */ = {isa = PBXFileReference; lastKnownFileType = wrapper.framework; name = AVFoundation.framework; path = System/Library/Frameworks/AVFoundation.framework; sourceTree = SDKROOT; };
		CA6C6BFF1A11E3F50075C43E /* AudioToolbox.framework */ = {isa = PBXFileReference; lastKnownFileType = wrapper.framework; name = AudioToolbox.framework; path = System/Library/Frameworks/AudioToolbox.framework; sourceTree = SDKROOT; };
		DA2B824F19B0D87400306376 /* QuartzCore.framework */ = {isa = PBXFileReference; lastKnownFileType = wrapper.framework; name = QuartzCore.framework; path = System/Library/Frameworks/QuartzCore.framework; sourceTree = SDKROOT; };
		DA8DD6A019EC9B3D0061185B /* CoreLocation.framework */ = {isa = PBXFileReference; lastKnownFileType = wrapper.framework; name = CoreLocation.framework; path = System/Library/Frameworks/CoreLocation.framework; sourceTree = SDKROOT; };
		DACDCE861B0FC4B300A81163 /* FBSDKCoreKit.framework */ = {isa = PBXFileReference; lastKnownFileType = wrapper.framework; path = FBSDKCoreKit.framework; sourceTree = "<group>"; };
		DACDCE871B0FC4B300A81163 /* FBSDKLoginKit.framework */ = {isa = PBXFileReference; lastKnownFileType = wrapper.framework; path = FBSDKLoginKit.framework; sourceTree = "<group>"; };
		DACDCE881B0FC4B300A81163 /* FBSDKShareKit.framework */ = {isa = PBXFileReference; lastKnownFileType = wrapper.framework; path = FBSDKShareKit.framework; sourceTree = "<group>"; };
		DAD3B0371B1B8A3E005EF1C5 /* RequestPaymentViewController.h */ = {isa = PBXFileReference; fileEncoding = 4; lastKnownFileType = sourcecode.c.h; path = RequestPaymentViewController.h; sourceTree = "<group>"; };
		DAD3B0381B1B8A3E005EF1C5 /* RequestPaymentViewController.m */ = {isa = PBXFileReference; fileEncoding = 4; lastKnownFileType = sourcecode.c.objc; path = RequestPaymentViewController.m; sourceTree = "<group>"; };
		DAD3B03C1B1B8BF9005EF1C5 /* OffersTabelViewDelegate.h */ = {isa = PBXFileReference; fileEncoding = 4; lastKnownFileType = sourcecode.c.h; path = OffersTabelViewDelegate.h; sourceTree = "<group>"; };
		DAD3B03D1B1B8BF9005EF1C5 /* OffersTabelViewDelegate.m */ = {isa = PBXFileReference; fileEncoding = 4; lastKnownFileType = sourcecode.c.objc; path = OffersTabelViewDelegate.m; sourceTree = "<group>"; };
		DAD3B03E1B1B8BF9005EF1C5 /* OffersTableViewDatasource.h */ = {isa = PBXFileReference; fileEncoding = 4; lastKnownFileType = sourcecode.c.h; path = OffersTableViewDatasource.h; sourceTree = "<group>"; };
		DAD3B03F1B1B8BF9005EF1C5 /* OffersTableViewDatasource.m */ = {isa = PBXFileReference; fileEncoding = 4; lastKnownFileType = sourcecode.c.objc; path = OffersTableViewDatasource.m; sourceTree = "<group>"; };
		DAD3B0401B1B8BF9005EF1C5 /* TPFloatRatingView.h */ = {isa = PBXFileReference; fileEncoding = 4; lastKnownFileType = sourcecode.c.h; path = TPFloatRatingView.h; sourceTree = "<group>"; };
		DAD3B0411B1B8BF9005EF1C5 /* TPFloatRatingView.m */ = {isa = PBXFileReference; fileEncoding = 4; lastKnownFileType = sourcecode.c.objc; path = TPFloatRatingView.m; sourceTree = "<group>"; };
		DAD3B0421B1B8BF9005EF1C5 /* JobDetailViewController.h */ = {isa = PBXFileReference; fileEncoding = 4; lastKnownFileType = sourcecode.c.h; path = JobDetailViewController.h; sourceTree = "<group>"; };
		DAD3B0431B1B8BF9005EF1C5 /* JobDetailViewController.m */ = {isa = PBXFileReference; fileEncoding = 4; lastKnownFileType = sourcecode.c.objc; path = JobDetailViewController.m; sourceTree = "<group>"; };
		DAD3B0441B1B8BF9005EF1C5 /* OffersTableViewCell.h */ = {isa = PBXFileReference; fileEncoding = 4; lastKnownFileType = sourcecode.c.h; path = OffersTableViewCell.h; sourceTree = "<group>"; };
		DAD3B0451B1B8BF9005EF1C5 /* OffersTableViewCell.m */ = {isa = PBXFileReference; fileEncoding = 4; lastKnownFileType = sourcecode.c.objc; path = OffersTableViewCell.m; sourceTree = "<group>"; };
		DAD3B0461B1B8BF9005EF1C5 /* RequestDetailViewController.h */ = {isa = PBXFileReference; fileEncoding = 4; lastKnownFileType = sourcecode.c.h; path = RequestDetailViewController.h; sourceTree = "<group>"; };
		DAD3B0471B1B8BF9005EF1C5 /* RequestDetailViewController.m */ = {isa = PBXFileReference; fileEncoding = 4; lastKnownFileType = sourcecode.c.objc; path = RequestDetailViewController.m; sourceTree = "<group>"; };
		DAD3B04F1B1BDF8F005EF1C5 /* CommonHeaderFiles.h */ = {isa = PBXFileReference; fileEncoding = 4; lastKnownFileType = sourcecode.c.h; path = CommonHeaderFiles.h; sourceTree = "<group>"; };
		DAD6FB851B1B756B006D9ED2 /* AppDelegate.h */ = {isa = PBXFileReference; fileEncoding = 4; lastKnownFileType = sourcecode.c.h; path = AppDelegate.h; sourceTree = "<group>"; };
		DAD6FB861B1B756B006D9ED2 /* AppDelegate.m */ = {isa = PBXFileReference; fileEncoding = 4; lastKnownFileType = sourcecode.c.objc; path = AppDelegate.m; sourceTree = "<group>"; };
		DAD6FB881B1B756B006D9ED2 /* Base */ = {isa = PBXFileReference; lastKnownFileType = file.storyboard; name = Base; path = Base.lproj/Main_iPhone.storyboard; sourceTree = "<group>"; };
		DAD6FB891B1B756B006D9ED2 /* BidKraft-Info.plist */ = {isa = PBXFileReference; fileEncoding = 4; lastKnownFileType = text.plist.xml; path = "BidKraft-Info.plist"; sourceTree = "<group>"; };
		DAD6FB8A1B1B756B006D9ED2 /* BidKraft-Prefix.pch */ = {isa = PBXFileReference; fileEncoding = 4; lastKnownFileType = sourcecode.c.h; path = "BidKraft-Prefix.pch"; sourceTree = "<group>"; };
		DAD6FB8E1B1B756B006D9ED2 /* CreateRequestViewController.h */ = {isa = PBXFileReference; fileEncoding = 4; lastKnownFileType = sourcecode.c.h; path = CreateRequestViewController.h; sourceTree = "<group>"; };
		DAD6FB8F1B1B756B006D9ED2 /* CreateRequestViewController.m */ = {isa = PBXFileReference; fileEncoding = 4; lastKnownFileType = sourcecode.c.objc; path = CreateRequestViewController.m; sourceTree = "<group>"; };
		DAD6FB911B1B756B006D9ED2 /* UIBlurView.h */ = {isa = PBXFileReference; fileEncoding = 4; lastKnownFileType = sourcecode.c.h; path = UIBlurView.h; sourceTree = "<group>"; };
		DAD6FB921B1B756B006D9ED2 /* UIBlurView.m */ = {isa = PBXFileReference; fileEncoding = 4; lastKnownFileType = sourcecode.c.objc; path = UIBlurView.m; sourceTree = "<group>"; };
		DAD6FB941B1B756B006D9ED2 /* NSDate+Utilities.h */ = {isa = PBXFileReference; fileEncoding = 4; lastKnownFileType = sourcecode.c.h; path = "NSDate+Utilities.h"; sourceTree = "<group>"; };
		DAD6FB951B1B756B006D9ED2 /* NSDate+Utilities.m */ = {isa = PBXFileReference; fileEncoding = 4; lastKnownFileType = sourcecode.c.objc; path = "NSDate+Utilities.m"; sourceTree = "<group>"; };
		DAD6FB9A1B1B756B006D9ED2 /* en */ = {isa = PBXFileReference; lastKnownFileType = text.plist.strings; name = en; path = en.lproj/InfoPlist.strings; sourceTree = "<group>"; };
		DAD6FB9D1B1B756B006D9ED2 /* CategoryCollectionView.h */ = {isa = PBXFileReference; fileEncoding = 4; lastKnownFileType = sourcecode.c.h; path = CategoryCollectionView.h; sourceTree = "<group>"; };
		DAD6FB9E1B1B756B006D9ED2 /* CategoryCollectionView.m */ = {isa = PBXFileReference; fileEncoding = 4; lastKnownFileType = sourcecode.c.objc; path = CategoryCollectionView.m; sourceTree = "<group>"; };
		DAD6FB9F1B1B756B006D9ED2 /* CategoryTypeCell.h */ = {isa = PBXFileReference; fileEncoding = 4; lastKnownFileType = sourcecode.c.h; path = CategoryTypeCell.h; sourceTree = "<group>"; };
		DAD6FBA01B1B756B006D9ED2 /* CategoryTypeCell.m */ = {isa = PBXFileReference; fileEncoding = 4; lastKnownFileType = sourcecode.c.objc; path = CategoryTypeCell.m; sourceTree = "<group>"; };
		DAD6FBA21B1B756B006D9ED2 /* CategoryCollectionViewDatasource.h */ = {isa = PBXFileReference; fileEncoding = 4; lastKnownFileType = sourcecode.c.h; path = CategoryCollectionViewDatasource.h; sourceTree = "<group>"; };
		DAD6FBA31B1B756B006D9ED2 /* CategoryCollectionViewDatasource.m */ = {isa = PBXFileReference; fileEncoding = 4; lastKnownFileType = sourcecode.c.objc; path = CategoryCollectionViewDatasource.m; sourceTree = "<group>"; };
		DAD6FBA41B1B756B006D9ED2 /* CategoryCollectionViewDelgate.h */ = {isa = PBXFileReference; fileEncoding = 4; lastKnownFileType = sourcecode.c.h; path = CategoryCollectionViewDelgate.h; sourceTree = "<group>"; };
		DAD6FBA51B1B756B006D9ED2 /* CategoryCollectionViewDelgate.m */ = {isa = PBXFileReference; fileEncoding = 4; lastKnownFileType = sourcecode.c.objc; path = CategoryCollectionViewDelgate.m; sourceTree = "<group>"; };
		DAD6FBA61B1B756B006D9ED2 /* CategoryCollectionViewFlowLayout.h */ = {isa = PBXFileReference; fileEncoding = 4; lastKnownFileType = sourcecode.c.h; path = CategoryCollectionViewFlowLayout.h; sourceTree = "<group>"; };
		DAD6FBA71B1B756B006D9ED2 /* CategoryCollectionViewFlowLayout.m */ = {isa = PBXFileReference; fileEncoding = 4; lastKnownFileType = sourcecode.c.objc; path = CategoryCollectionViewFlowLayout.m; sourceTree = "<group>"; };
		DAD6FBA81B1B756B006D9ED2 /* HomeViewController.h */ = {isa = PBXFileReference; fileEncoding = 4; lastKnownFileType = sourcecode.c.h; path = HomeViewController.h; sourceTree = "<group>"; };
		DAD6FBA91B1B756B006D9ED2 /* HomeViewController.m */ = {isa = PBXFileReference; fileEncoding = 4; lastKnownFileType = sourcecode.c.objc; path = HomeViewController.m; sourceTree = "<group>"; };
		DAD6FBAB1B1B756B006D9ED2 /* PaymentTableViewCell.h */ = {isa = PBXFileReference; fileEncoding = 4; lastKnownFileType = sourcecode.c.h; path = PaymentTableViewCell.h; sourceTree = "<group>"; };
		DAD6FBAC1B1B756B006D9ED2 /* PaymentTableViewCell.m */ = {isa = PBXFileReference; fileEncoding = 4; lastKnownFileType = sourcecode.c.objc; path = PaymentTableViewCell.m; sourceTree = "<group>"; };
		DAD6FBAE1B1B756B006D9ED2 /* AcceptedRequestsTableViewController.h */ = {isa = PBXFileReference; fileEncoding = 4; lastKnownFileType = sourcecode.c.h; path = AcceptedRequestsTableViewController.h; sourceTree = "<group>"; };
		DAD6FBAF1B1B756B006D9ED2 /* AcceptedRequestsTableViewController.m */ = {isa = PBXFileReference; fileEncoding = 4; lastKnownFileType = sourcecode.c.objc; path = AcceptedRequestsTableViewController.m; sourceTree = "<group>"; };
		DAD6FBB01B1B756B006D9ED2 /* CompletedRequestsTableViewController.h */ = {isa = PBXFileReference; fileEncoding = 4; lastKnownFileType = sourcecode.c.h; path = CompletedRequestsTableViewController.h; sourceTree = "<group>"; };
		DAD6FBB11B1B756B006D9ED2 /* CompletedRequestsTableViewController.m */ = {isa = PBXFileReference; fileEncoding = 4; lastKnownFileType = sourcecode.c.objc; path = CompletedRequestsTableViewController.m; sourceTree = "<group>"; };
		DAD6FBB21B1B756B006D9ED2 /* OpenRequestsTableViewController.h */ = {isa = PBXFileReference; fileEncoding = 4; lastKnownFileType = sourcecode.c.h; path = OpenRequestsTableViewController.h; sourceTree = "<group>"; };
		DAD6FBB31B1B756B006D9ED2 /* OpenRequestsTableViewController.m */ = {isa = PBXFileReference; fileEncoding = 4; lastKnownFileType = sourcecode.c.objc; path = OpenRequestsTableViewController.m; sourceTree = "<group>"; };
		DAD6FBB51B1B756B006D9ED2 /* RequestTableViewCell.h */ = {isa = PBXFileReference; fileEncoding = 4; lastKnownFileType = sourcecode.c.h; path = RequestTableViewCell.h; sourceTree = "<group>"; };
		DAD6FBB61B1B756B006D9ED2 /* RequestTableViewCell.m */ = {isa = PBXFileReference; fileEncoding = 4; lastKnownFileType = sourcecode.c.objc; path = RequestTableViewCell.m; sourceTree = "<group>"; };
		DAD6FBB81B1B756B006D9ED2 /* RadiusTableViewCell.h */ = {isa = PBXFileReference; fileEncoding = 4; lastKnownFileType = sourcecode.c.h; path = RadiusTableViewCell.h; sourceTree = "<group>"; };
		DAD6FBB91B1B756B006D9ED2 /* RadiusTableViewCell.m */ = {isa = PBXFileReference; fileEncoding = 4; lastKnownFileType = sourcecode.c.objc; path = RadiusTableViewCell.m; sourceTree = "<group>"; };
		DAD6FBBA1B1B756B006D9ED2 /* SettingsTableCell.h */ = {isa = PBXFileReference; fileEncoding = 4; lastKnownFileType = sourcecode.c.h; path = SettingsTableCell.h; sourceTree = "<group>"; };
		DAD6FBBB1B1B756B006D9ED2 /* SettingsTableCell.m */ = {isa = PBXFileReference; fileEncoding = 4; lastKnownFileType = sourcecode.c.objc; path = SettingsTableCell.m; sourceTree = "<group>"; };
		DAD6FBBC1B1B756B006D9ED2 /* VendorBidsOwnedTableViewController.h */ = {isa = PBXFileReference; fileEncoding = 4; lastKnownFileType = sourcecode.c.h; path = VendorBidsOwnedTableViewController.h; sourceTree = "<group>"; };
		DAD6FBBD1B1B756B006D9ED2 /* VendorBidsOwnedTableViewController.m */ = {isa = PBXFileReference; fileEncoding = 4; lastKnownFileType = sourcecode.c.objc; path = VendorBidsOwnedTableViewController.m; sourceTree = "<group>"; };
		DAD6FBBE1B1B756B006D9ED2 /* VendorOpenRequestsTableViewController.h */ = {isa = PBXFileReference; fileEncoding = 4; lastKnownFileType = sourcecode.c.h; path = VendorOpenRequestsTableViewController.h; sourceTree = "<group>"; };
		DAD6FBBF1B1B756B006D9ED2 /* VendorOpenRequestsTableViewController.m */ = {isa = PBXFileReference; fileEncoding = 4; lastKnownFileType = sourcecode.c.objc; path = VendorOpenRequestsTableViewController.m; sourceTree = "<group>"; };
		DAD6FBC01B1B756B006D9ED2 /* VendorPlacedBidsTableViewController.h */ = {isa = PBXFileReference; fileEncoding = 4; lastKnownFileType = sourcecode.c.h; path = VendorPlacedBidsTableViewController.h; sourceTree = "<group>"; };
		DAD6FBC11B1B756B006D9ED2 /* VendorPlacedBidsTableViewController.m */ = {isa = PBXFileReference; fileEncoding = 4; lastKnownFileType = sourcecode.c.objc; path = VendorPlacedBidsTableViewController.m; sourceTree = "<group>"; };
		DAD6FBC31B1B756B006D9ED2 /* VendorTableViewCell.h */ = {isa = PBXFileReference; fileEncoding = 4; lastKnownFileType = sourcecode.c.h; path = VendorTableViewCell.h; sourceTree = "<group>"; };
		DAD6FBC41B1B756B006D9ED2 /* VendorTableViewCell.m */ = {isa = PBXFileReference; fileEncoding = 4; lastKnownFileType = sourcecode.c.objc; path = VendorTableViewCell.m; sourceTree = "<group>"; };
		DAD6FBC51B1B756B006D9ED2 /* VendorViewController.h */ = {isa = PBXFileReference; fileEncoding = 4; lastKnownFileType = sourcecode.c.h; path = VendorViewController.h; sourceTree = "<group>"; };
		DAD6FBC61B1B756B006D9ED2 /* VendorViewController.m */ = {isa = PBXFileReference; fileEncoding = 4; lastKnownFileType = sourcecode.c.objc; path = VendorViewController.m; sourceTree = "<group>"; };
		DAD6FBC81B1B756B006D9ED2 /* accept.png */ = {isa = PBXFileReference; lastKnownFileType = image.png; path = accept.png; sourceTree = "<group>"; };
		DAD6FBC91B1B756B006D9ED2 /* bar.png */ = {isa = PBXFileReference; lastKnownFileType = image.png; path = bar.png; sourceTree = "<group>"; };
		DAD6FBCA1B1B756B006D9ED2 /* bidkraftTitle.png */ = {isa = PBXFileReference; lastKnownFileType = image.png; path = bidkraftTitle.png; sourceTree = "<group>"; };
		DAD6FBCC1B1B756B006D9ED2 /* createrequest.png */ = {isa = PBXFileReference; lastKnownFileType = image.png; path = createrequest.png; sourceTree = "<group>"; };
		DAD6FBCD1B1B756B006D9ED2 /* down_arrow.png */ = {isa = PBXFileReference; lastKnownFileType = image.png; path = down_arrow.png; sourceTree = "<group>"; };
		DAD6FBCE1B1B756B006D9ED2 /* half_selected_star.png */ = {isa = PBXFileReference; lastKnownFileType = image.png; path = half_selected_star.png; sourceTree = "<group>"; };
		DAD6FBCF1B1B756B006D9ED2 /* half_selected_star@2x.png */ = {isa = PBXFileReference; lastKnownFileType = image.png; path = "half_selected_star@2x.png"; sourceTree = "<group>"; };
		DAD6FBD01B1B756B006D9ED2 /* hammer.png */ = {isa = PBXFileReference; lastKnownFileType = image.png; path = hammer.png; sourceTree = "<group>"; };
		DAD6FBD11B1B756B006D9ED2 /* icon.png */ = {isa = PBXFileReference; lastKnownFileType = image.png; path = icon.png; sourceTree = "<group>"; };
		DAD6FBD21B1B756B006D9ED2 /* login_logo.png */ = {isa = PBXFileReference; lastKnownFileType = image.png; path = login_logo.png; sourceTree = "<group>"; };
		DAD6FBD41B1B756B006D9ED2 /* not_selected_star.png */ = {isa = PBXFileReference; lastKnownFileType = image.png; path = not_selected_star.png; sourceTree = "<group>"; };
		DAD6FBD51B1B756B006D9ED2 /* not_selected_star@2x.png */ = {isa = PBXFileReference; lastKnownFileType = image.png; path = "not_selected_star@2x.png"; sourceTree = "<group>"; };
		DAD6FBD61B1B756B006D9ED2 /* pet.png */ = {isa = PBXFileReference; lastKnownFileType = image.png; path = pet.png; sourceTree = "<group>"; };
		DAD6FBD81B1B756B006D9ED2 /* rigid_baby.png */ = {isa = PBXFileReference; lastKnownFileType = image.png; path = rigid_baby.png; sourceTree = "<group>"; };
		DAD6FBD91B1B756B006D9ED2 /* selected_star.png */ = {isa = PBXFileReference; lastKnownFileType = image.png; path = selected_star.png; sourceTree = "<group>"; };
		DAD6FBDA1B1B756B006D9ED2 /* selected_star@2x.png */ = {isa = PBXFileReference; lastKnownFileType = image.png; path = "selected_star@2x.png"; sourceTree = "<group>"; };
		DAD6FBDB1B1B756B006D9ED2 /* settings.png */ = {isa = PBXFileReference; lastKnownFileType = image.png; path = settings.png; sourceTree = "<group>"; };
		DAD6FBDC1B1B756B006D9ED2 /* textbook.png */ = {isa = PBXFileReference; lastKnownFileType = image.png; path = textbook.png; sourceTree = "<group>"; };
		DAD6FBDD1B1B756B006D9ED2 /* tutor.png */ = {isa = PBXFileReference; lastKnownFileType = image.png; path = tutor.png; sourceTree = "<group>"; };
		DAD6FBE01B1B756B006D9ED2 /* up_arrow.png */ = {isa = PBXFileReference; lastKnownFileType = image.png; path = up_arrow.png; sourceTree = "<group>"; };
		DAD6FBE11B1B756B006D9ED2 /* user_icon.png */ = {isa = PBXFileReference; lastKnownFileType = image.png; path = user_icon.png; sourceTree = "<group>"; };
		DAD6FBE21B1B756B006D9ED2 /* vendor_icon.png */ = {isa = PBXFileReference; lastKnownFileType = image.png; path = vendor_icon.png; sourceTree = "<group>"; };
		DAD6FBE31B1B756B006D9ED2 /* Images.xcassets */ = {isa = PBXFileReference; lastKnownFileType = folder.assetcatalog; path = Images.xcassets; sourceTree = "<group>"; };
		DAD6FBE41B1B756B006D9ED2 /* IQKeyboardManager.bundle */ = {isa = PBXFileReference; lastKnownFileType = "wrapper.plug-in"; name = IQKeyboardManager.bundle; path = BidKraft/IQKeyboardManager.bundle; sourceTree = "<group>"; };
		DAD6FBE51B1B756B006D9ED2 /* LoginViewController.h */ = {isa = PBXFileReference; fileEncoding = 4; lastKnownFileType = sourcecode.c.h; path = LoginViewController.h; sourceTree = "<group>"; };
		DAD6FBE61B1B756B006D9ED2 /* LoginViewController.m */ = {isa = PBXFileReference; fileEncoding = 4; lastKnownFileType = sourcecode.c.objc; path = LoginViewController.m; sourceTree = "<group>"; };
		DAD6FBE71B1B756B006D9ED2 /* main.m */ = {isa = PBXFileReference; fileEncoding = 4; lastKnownFileType = sourcecode.c.objc; path = main.m; sourceTree = "<group>"; };
		DAD6FBE91B1B756B006D9ED2 /* BidDetails.h */ = {isa = PBXFileReference; fileEncoding = 4; lastKnownFileType = sourcecode.c.h; path = BidDetails.h; sourceTree = "<group>"; };
		DAD6FBEA1B1B756B006D9ED2 /* BidDetails.m */ = {isa = PBXFileReference; fileEncoding = 4; lastKnownFileType = sourcecode.c.objc; path = BidDetails.m; sourceTree = "<group>"; };
		DAD6FBEB1B1B756B006D9ED2 /* ProfileData.h */ = {isa = PBXFileReference; fileEncoding = 4; lastKnownFileType = sourcecode.c.h; path = ProfileData.h; sourceTree = "<group>"; };
		DAD6FBEC1B1B756B006D9ED2 /* ProfileData.m */ = {isa = PBXFileReference; fileEncoding = 4; lastKnownFileType = sourcecode.c.objc; path = ProfileData.m; sourceTree = "<group>"; };
		DAD6FBED1B1B756B006D9ED2 /* User.h */ = {isa = PBXFileReference; fileEncoding = 4; lastKnownFileType = sourcecode.c.h; path = User.h; sourceTree = "<group>"; };
		DAD6FBEE1B1B756B006D9ED2 /* User.m */ = {isa = PBXFileReference; fileEncoding = 4; lastKnownFileType = sourcecode.c.objc; path = User.m; sourceTree = "<group>"; };
		DAD6FBEF1B1B756B006D9ED2 /* UserProfile.h */ = {isa = PBXFileReference; fileEncoding = 4; lastKnownFileType = sourcecode.c.h; path = UserProfile.h; sourceTree = "<group>"; };
		DAD6FBF01B1B756B006D9ED2 /* UserProfile.m */ = {isa = PBXFileReference; fileEncoding = 4; lastKnownFileType = sourcecode.c.objc; path = UserProfile.m; sourceTree = "<group>"; };
		DAD6FBF11B1B756B006D9ED2 /* UserRequests.h */ = {isa = PBXFileReference; fileEncoding = 4; lastKnownFileType = sourcecode.c.h; path = UserRequests.h; sourceTree = "<group>"; };
		DAD6FBF21B1B756B006D9ED2 /* UserRequests.m */ = {isa = PBXFileReference; fileEncoding = 4; lastKnownFileType = sourcecode.c.objc; path = UserRequests.m; sourceTree = "<group>"; };
		DAD6FBF41B1B756B006D9ED2 /* VendorBidDetail.h */ = {isa = PBXFileReference; fileEncoding = 4; lastKnownFileType = sourcecode.c.h; path = VendorBidDetail.h; sourceTree = "<group>"; };
		DAD6FBF51B1B756B006D9ED2 /* VendorBidDetail.m */ = {isa = PBXFileReference; fileEncoding = 4; lastKnownFileType = sourcecode.c.objc; path = VendorBidDetail.m; sourceTree = "<group>"; };
		DAD6FBF61B1B756B006D9ED2 /* VendorBidRequest.h */ = {isa = PBXFileReference; fileEncoding = 4; lastKnownFileType = sourcecode.c.h; path = VendorBidRequest.h; sourceTree = "<group>"; };
		DAD6FBF71B1B756B006D9ED2 /* VendorBidRequest.m */ = {isa = PBXFileReference; fileEncoding = 4; lastKnownFileType = sourcecode.c.objc; path = VendorBidRequest.m; sourceTree = "<group>"; };
		DAD6FBF81B1B756B006D9ED2 /* VendorData.h */ = {isa = PBXFileReference; fileEncoding = 4; lastKnownFileType = sourcecode.c.h; path = VendorData.h; sourceTree = "<group>"; };
		DAD6FBF91B1B756B006D9ED2 /* VendorData.m */ = {isa = PBXFileReference; fileEncoding = 4; lastKnownFileType = sourcecode.c.objc; path = VendorData.m; sourceTree = "<group>"; };
		DAD6FBFA1B1B756B006D9ED2 /* VendorTableCell.xib */ = {isa = PBXFileReference; fileEncoding = 4; lastKnownFileType = file.xib; path = VendorTableCell.xib; sourceTree = "<group>"; };
		DAD6FBFD1B1B756C006D9ED2 /* PayListViewController.h */ = {isa = PBXFileReference; fileEncoding = 4; lastKnownFileType = sourcecode.c.h; path = PayListViewController.h; sourceTree = "<group>"; };
		DAD6FBFE1B1B756C006D9ED2 /* PayListViewController.m */ = {isa = PBXFileReference; fileEncoding = 4; lastKnownFileType = sourcecode.c.objc; path = PayListViewController.m; sourceTree = "<group>"; };
		DAD6FBFF1B1B756C006D9ED2 /* PaymentViewController.h */ = {isa = PBXFileReference; fileEncoding = 4; lastKnownFileType = sourcecode.c.h; path = PaymentViewController.h; sourceTree = "<group>"; };
		DAD6FC001B1B756C006D9ED2 /* PaymentViewController.m */ = {isa = PBXFileReference; fileEncoding = 4; lastKnownFileType = sourcecode.c.objc; path = PaymentViewController.m; sourceTree = "<group>"; };
		DAD6FC031B1B756C006D9ED2 /* RegistrationDropDownCell.h */ = {isa = PBXFileReference; fileEncoding = 4; lastKnownFileType = sourcecode.c.h; path = RegistrationDropDownCell.h; sourceTree = "<group>"; };
		DAD6FC041B1B756C006D9ED2 /* RegistrationDropDownCell.m */ = {isa = PBXFileReference; fileEncoding = 4; lastKnownFileType = sourcecode.c.objc; path = RegistrationDropDownCell.m; sourceTree = "<group>"; };
		DAD6FC051B1B756C006D9ED2 /* RegistrationTableViewCell.h */ = {isa = PBXFileReference; fileEncoding = 4; lastKnownFileType = sourcecode.c.h; path = RegistrationTableViewCell.h; sourceTree = "<group>"; };
		DAD6FC061B1B756C006D9ED2 /* RegistrationTableViewCell.m */ = {isa = PBXFileReference; fileEncoding = 4; lastKnownFileType = sourcecode.c.objc; path = RegistrationTableViewCell.m; sourceTree = "<group>"; };
		DAD6FC071B1B756C006D9ED2 /* RegistrationViewController.h */ = {isa = PBXFileReference; fileEncoding = 4; lastKnownFileType = sourcecode.c.h; path = RegistrationViewController.h; sourceTree = "<group>"; };
		DAD6FC081B1B756C006D9ED2 /* RegistrationViewController.m */ = {isa = PBXFileReference; fileEncoding = 4; lastKnownFileType = sourcecode.c.objc; path = RegistrationViewController.m; sourceTree = "<group>"; };
		DAD6FC261B1B756C006D9ED2 /* ResultsSearchTableViewController.h */ = {isa = PBXFileReference; fileEncoding = 4; lastKnownFileType = sourcecode.c.h; path = ResultsSearchTableViewController.h; sourceTree = "<group>"; };
		DAD6FC271B1B756C006D9ED2 /* ResultsSearchTableViewController.m */ = {isa = PBXFileReference; fileEncoding = 4; lastKnownFileType = sourcecode.c.objc; path = ResultsSearchTableViewController.m; sourceTree = "<group>"; };
		DAD6FC291B1B756C006D9ED2 /* UserSearchTableViewCell.h */ = {isa = PBXFileReference; fileEncoding = 4; lastKnownFileType = sourcecode.c.h; path = UserSearchTableViewCell.h; sourceTree = "<group>"; };
		DAD6FC2A1B1B756C006D9ED2 /* UserSearchTableViewCell.m */ = {isa = PBXFileReference; fileEncoding = 4; lastKnownFileType = sourcecode.c.objc; path = UserSearchTableViewCell.m; sourceTree = "<group>"; };
		DAD6FC2B1B1B756C006D9ED2 /* VendorSearchTableViewCell.h */ = {isa = PBXFileReference; fileEncoding = 4; lastKnownFileType = sourcecode.c.h; path = VendorSearchTableViewCell.h; sourceTree = "<group>"; };
		DAD6FC2C1B1B756C006D9ED2 /* VendorSearchTableViewCell.m */ = {isa = PBXFileReference; fileEncoding = 4; lastKnownFileType = sourcecode.c.objc; path = VendorSearchTableViewCell.m; sourceTree = "<group>"; };
		DAD6FC2D1B1B756C006D9ED2 /* VendorSearchTableViewController.h */ = {isa = PBXFileReference; fileEncoding = 4; lastKnownFileType = sourcecode.c.h; path = VendorSearchTableViewController.h; sourceTree = "<group>"; };
		DAD6FC2E1B1B756C006D9ED2 /* VendorSearchTableViewController.m */ = {isa = PBXFileReference; fileEncoding = 4; lastKnownFileType = sourcecode.c.objc; path = VendorSearchTableViewController.m; sourceTree = "<group>"; };
		DAD6FC301B1B756C006D9ED2 /* CustomerCareViewController.h */ = {isa = PBXFileReference; fileEncoding = 4; lastKnownFileType = sourcecode.c.h; path = CustomerCareViewController.h; sourceTree = "<group>"; };
		DAD6FC311B1B756C006D9ED2 /* CustomerCareViewController.m */ = {isa = PBXFileReference; fileEncoding = 4; lastKnownFileType = sourcecode.c.objc; path = CustomerCareViewController.m; sourceTree = "<group>"; };
		DAD6FC331B1B756C006D9ED2 /* ProfileAddressView.h */ = {isa = PBXFileReference; fileEncoding = 4; lastKnownFileType = sourcecode.c.h; path = ProfileAddressView.h; sourceTree = "<group>"; };
		DAD6FC341B1B756C006D9ED2 /* ProfileAddressView.m */ = {isa = PBXFileReference; fileEncoding = 4; lastKnownFileType = sourcecode.c.objc; path = ProfileAddressView.m; sourceTree = "<group>"; };
		DAD6FC351B1B756C006D9ED2 /* ProfileTableViewCell.h */ = {isa = PBXFileReference; fileEncoding = 4; lastKnownFileType = sourcecode.c.h; path = ProfileTableViewCell.h; sourceTree = "<group>"; };
		DAD6FC361B1B756C006D9ED2 /* ProfileTableViewCell.m */ = {isa = PBXFileReference; fileEncoding = 4; lastKnownFileType = sourcecode.c.objc; path = ProfileTableViewCell.m; sourceTree = "<group>"; };
		DAD6FC371B1B756C006D9ED2 /* ProfileViewController.h */ = {isa = PBXFileReference; fileEncoding = 4; lastKnownFileType = sourcecode.c.h; path = ProfileViewController.h; sourceTree = "<group>"; };
		DAD6FC381B1B756C006D9ED2 /* ProfileViewController.m */ = {isa = PBXFileReference; fileEncoding = 4; lastKnownFileType = sourcecode.c.objc; path = ProfileViewController.m; sourceTree = "<group>"; };
		DAD6FC391B1B756C006D9ED2 /* SettingsTableViewController.h */ = {isa = PBXFileReference; fileEncoding = 4; lastKnownFileType = sourcecode.c.h; path = SettingsTableViewController.h; sourceTree = "<group>"; };
		DAD6FC3A1B1B756C006D9ED2 /* SettingsTableViewController.m */ = {isa = PBXFileReference; fileEncoding = 4; lastKnownFileType = sourcecode.c.objc; path = SettingsTableViewController.m; sourceTree = "<group>"; };
		DAD6FC3B1B1B756C006D9ED2 /* UserPeferencesTableViewController.h */ = {isa = PBXFileReference; fileEncoding = 4; lastKnownFileType = sourcecode.c.h; path = UserPeferencesTableViewController.h; sourceTree = "<group>"; };
		DAD6FC3C1B1B756C006D9ED2 /* UserPeferencesTableViewController.m */ = {isa = PBXFileReference; fileEncoding = 4; lastKnownFileType = sourcecode.c.objc; path = UserPeferencesTableViewController.m; sourceTree = "<group>"; };
		DAD6FC3D1B1B756C006D9ED2 /* UserSettingsTableViewCell.h */ = {isa = PBXFileReference; fileEncoding = 4; lastKnownFileType = sourcecode.c.h; path = UserSettingsTableViewCell.h; sourceTree = "<group>"; };
		DAD6FC3E1B1B756C006D9ED2 /* UserSettingsTableViewCell.m */ = {isa = PBXFileReference; fileEncoding = 4; lastKnownFileType = sourcecode.c.objc; path = UserSettingsTableViewCell.m; sourceTree = "<group>"; };
		DAD6FC3F1B1B756C006D9ED2 /* VendorPreferencesTableViewController.h */ = {isa = PBXFileReference; fileEncoding = 4; lastKnownFileType = sourcecode.c.h; path = VendorPreferencesTableViewController.h; sourceTree = "<group>"; };
		DAD6FC401B1B756C006D9ED2 /* VendorPreferencesTableViewController.m */ = {isa = PBXFileReference; fileEncoding = 4; lastKnownFileType = sourcecode.c.objc; path = VendorPreferencesTableViewController.m; sourceTree = "<group>"; };
		DAD6FC431B1B756C006D9ED2 /* TableCell.xib */ = {isa = PBXFileReference; fileEncoding = 4; lastKnownFileType = file.xib; path = TableCell.xib; sourceTree = "<group>"; };
		DAD6FC461B1B756C006D9ED2 /* AMTagListView.h */ = {isa = PBXFileReference; fileEncoding = 4; lastKnownFileType = sourcecode.c.h; path = AMTagListView.h; sourceTree = "<group>"; };
		DAD6FC471B1B756C006D9ED2 /* AMTagListView.m */ = {isa = PBXFileReference; fileEncoding = 4; lastKnownFileType = sourcecode.c.objc; path = AMTagListView.m; sourceTree = "<group>"; };
		DAD6FC481B1B756C006D9ED2 /* AMTagView.h */ = {isa = PBXFileReference; fileEncoding = 4; lastKnownFileType = sourcecode.c.h; path = AMTagView.h; sourceTree = "<group>"; };
		DAD6FC491B1B756C006D9ED2 /* AMTagView.m */ = {isa = PBXFileReference; fileEncoding = 4; lastKnownFileType = sourcecode.c.objc; path = AMTagView.m; sourceTree = "<group>"; };
		DAD6FC4E1B1B756C006D9ED2 /* IQDropDownTextField.h */ = {isa = PBXFileReference; fileEncoding = 4; lastKnownFileType = sourcecode.c.h; path = IQDropDownTextField.h; sourceTree = "<group>"; };
		DAD6FC4F1B1B756C006D9ED2 /* IQDropDownTextField.m */ = {isa = PBXFileReference; fileEncoding = 4; lastKnownFileType = sourcecode.c.objc; path = IQDropDownTextField.m; sourceTree = "<group>"; };
		DAD6FC511B1B756C006D9ED2 /* MPGNotification.h */ = {isa = PBXFileReference; fileEncoding = 4; lastKnownFileType = sourcecode.c.h; path = MPGNotification.h; sourceTree = "<group>"; };
		DAD6FC521B1B756C006D9ED2 /* MPGNotification.m */ = {isa = PBXFileReference; fileEncoding = 4; lastKnownFileType = sourcecode.c.objc; path = MPGNotification.m; sourceTree = "<group>"; };
		DAD6FC5D1B1B756C006D9ED2 /* MBProgressHUD.h */ = {isa = PBXFileReference; fileEncoding = 4; lastKnownFileType = sourcecode.c.h; path = MBProgressHUD.h; sourceTree = "<group>"; };
		DAD6FC5E1B1B756C006D9ED2 /* MBProgressHUD.m */ = {isa = PBXFileReference; fileEncoding = 4; lastKnownFileType = sourcecode.c.objc; path = MBProgressHUD.m; sourceTree = "<group>"; };
		DAD6FC601B1B756C006D9ED2 /* ASStarRatingView.h */ = {isa = PBXFileReference; fileEncoding = 4; lastKnownFileType = sourcecode.c.h; path = ASStarRatingView.h; sourceTree = "<group>"; };
		DAD6FC611B1B756C006D9ED2 /* ASStarRatingView.m */ = {isa = PBXFileReference; fileEncoding = 4; lastKnownFileType = sourcecode.c.objc; path = ASStarRatingView.m; sourceTree = "<group>"; };
		DAD6FC631B1B756C006D9ED2 /* VendorPlacedBidViewController.h */ = {isa = PBXFileReference; fileEncoding = 4; lastKnownFileType = sourcecode.c.h; path = VendorPlacedBidViewController.h; sourceTree = "<group>"; };
		DAD6FC641B1B756C006D9ED2 /* VendorPlacedBidViewController.m */ = {isa = PBXFileReference; fileEncoding = 4; lastKnownFileType = sourcecode.c.objc; path = VendorPlacedBidViewController.m; sourceTree = "<group>"; };
		DAD6FC651B1B756C006D9ED2 /* VendorRequestDetailViewController.h */ = {isa = PBXFileReference; fileEncoding = 4; lastKnownFileType = sourcecode.c.h; path = VendorRequestDetailViewController.h; sourceTree = "<group>"; };
		DAD6FC661B1B756C006D9ED2 /* VendorRequestDetailViewController.m */ = {isa = PBXFileReference; fileEncoding = 4; lastKnownFileType = sourcecode.c.objc; path = VendorRequestDetailViewController.m; sourceTree = "<group>"; };
		DAD6FCD91B1B7708006D9ED2 /* camera.png */ = {isa = PBXFileReference; lastKnownFileType = image.png; path = camera.png; sourceTree = "<group>"; };
		DAD6FCDA1B1B7708006D9ED2 /* default_profile_pic.png */ = {isa = PBXFileReference; lastKnownFileType = image.png; path = default_profile_pic.png; sourceTree = "<group>"; };
		DAD6FCDB1B1B7708006D9ED2 /* profile.png */ = {isa = PBXFileReference; lastKnownFileType = image.png; path = profile.png; sourceTree = "<group>"; };
		DAD6FCDC1B1B7708006D9ED2 /* star.png */ = {isa = PBXFileReference; lastKnownFileType = image.png; path = star.png; sourceTree = "<group>"; };
		DAD6FCDD1B1B7708006D9ED2 /* star@2x.png */ = {isa = PBXFileReference; lastKnownFileType = image.png; path = "star@2x.png"; sourceTree = "<group>"; };
		DAD6FCE41B1B7937006D9ED2 /* Reachability.h */ = {isa = PBXFileReference; fileEncoding = 4; lastKnownFileType = sourcecode.c.h; path = Reachability.h; sourceTree = "<group>"; };
		DAD6FCE51B1B7937006D9ED2 /* Reachability.m */ = {isa = PBXFileReference; fileEncoding = 4; lastKnownFileType = sourcecode.c.objc; path = Reachability.m; sourceTree = "<group>"; };
		DAD6FCE61B1B7937006D9ED2 /* ServiceManager.h */ = {isa = PBXFileReference; fileEncoding = 4; lastKnownFileType = sourcecode.c.h; path = ServiceManager.h; sourceTree = "<group>"; };
		DAD6FCE71B1B7937006D9ED2 /* ServiceManager.m */ = {isa = PBXFileReference; fileEncoding = 4; lastKnownFileType = sourcecode.c.objc; path = ServiceManager.m; sourceTree = "<group>"; };
		DAD6FCEB1B1B7951006D9ED2 /* CategoryIdConstants.h */ = {isa = PBXFileReference; fileEncoding = 4; lastKnownFileType = sourcecode.c.h; path = CategoryIdConstants.h; sourceTree = "<group>"; };
		DAD6FCEC1B1B7951006D9ED2 /* CategoryIdConstants.m */ = {isa = PBXFileReference; fileEncoding = 4; lastKnownFileType = sourcecode.c.objc; path = CategoryIdConstants.m; sourceTree = "<group>"; };
		DAD6FCED1B1B7951006D9ED2 /* ServiceURLProvider.h */ = {isa = PBXFileReference; fileEncoding = 4; lastKnownFileType = sourcecode.c.h; path = ServiceURLProvider.h; sourceTree = "<group>"; };
		DAD6FCEE1B1B7951006D9ED2 /* ServiceURLProvider.m */ = {isa = PBXFileReference; fileEncoding = 4; lastKnownFileType = sourcecode.c.objc; path = ServiceURLProvider.m; sourceTree = "<group>"; };
		DAD6FCEF1B1B7951006D9ED2 /* SystemLevelConstants.h */ = {isa = PBXFileReference; fileEncoding = 4; lastKnownFileType = sourcecode.c.h; path = SystemLevelConstants.h; sourceTree = "<group>"; };
		DAE1325D19E059AC00769302 /* KeyboardManager.framework */ = {isa = PBXFileReference; lastKnownFileType = wrapper.framework; path = KeyboardManager.framework; sourceTree = "<group>"; };
		DAFC780219B00B8700C66A14 /* BidKraft.app */ = {isa = PBXFileReference; explicitFileType = wrapper.application; includeInIndex = 0; path = BidKraft.app; sourceTree = BUILT_PRODUCTS_DIR; };
		DAFC780519B00B8700C66A14 /* Foundation.framework */ = {isa = PBXFileReference; lastKnownFileType = wrapper.framework; name = Foundation.framework; path = System/Library/Frameworks/Foundation.framework; sourceTree = SDKROOT; };
		DAFC780719B00B8700C66A14 /* CoreGraphics.framework */ = {isa = PBXFileReference; lastKnownFileType = wrapper.framework; name = CoreGraphics.framework; path = System/Library/Frameworks/CoreGraphics.framework; sourceTree = SDKROOT; };
		DAFC780919B00B8700C66A14 /* UIKit.framework */ = {isa = PBXFileReference; lastKnownFileType = wrapper.framework; name = UIKit.framework; path = System/Library/Frameworks/UIKit.framework; sourceTree = SDKROOT; };
		DAFC782619B00B8700C66A14 /* BidKraftTests.xctest */ = {isa = PBXFileReference; explicitFileType = wrapper.cfbundle; includeInIndex = 0; path = BidKraftTests.xctest; sourceTree = BUILT_PRODUCTS_DIR; };
		DAFC782719B00B8700C66A14 /* XCTest.framework */ = {isa = PBXFileReference; lastKnownFileType = wrapper.framework; name = XCTest.framework; path = Library/Frameworks/XCTest.framework; sourceTree = DEVELOPER_DIR; };
		DAFC782F19B00B8700C66A14 /* BidKraftTests-Info.plist */ = {isa = PBXFileReference; lastKnownFileType = text.plist.xml; path = "BidKraftTests-Info.plist"; sourceTree = "<group>"; };
		DAFC783119B00B8700C66A14 /* en */ = {isa = PBXFileReference; lastKnownFileType = text.plist.strings; name = en; path = en.lproj/InfoPlist.strings; sourceTree = "<group>"; };
		DAFC783319B00B8700C66A14 /* NeighbourTests.m */ = {isa = PBXFileReference; lastKnownFileType = sourcecode.c.objc; path = NeighbourTests.m; sourceTree = "<group>"; };
		F971F56D95BD80CFDA216A26 /* Pods.debug.xcconfig */ = {isa = PBXFileReference; includeInIndex = 1; lastKnownFileType = text.xcconfig; name = Pods.debug.xcconfig; path = "Pods/Target Support Files/Pods/Pods.debug.xcconfig"; sourceTree = "<group>"; };
/* End PBXFileReference section */

/* Begin PBXFrameworksBuildPhase section */
		DAFC77FF19B00B8700C66A14 /* Frameworks */ = {
			isa = PBXFrameworksBuildPhase;
			buildActionMask = 2147483647;
			files = (
				DACDCE8A1B0FC4B300A81163 /* FBSDKLoginKit.framework in Frameworks */,
				CA6C6C001A11E3F50075C43E /* AudioToolbox.framework in Frameworks */,
				CA6C6BFE1A11E3E80075C43E /* AVFoundation.framework in Frameworks */,
				CA6C6BFC1A11E3DA0075C43E /* CoreMedia.framework in Frameworks */,
				CA6C6BFA1A11E3CB0075C43E /* MessageUI.framework in Frameworks */,
				CA6C6BF81A11E3BE0075C43E /* MobileCoreServices.framework in Frameworks */,
				CA6C6BF61A11E3B00075C43E /* SystemConfiguration.framework in Frameworks */,
				DA8DD6A119EC9B3D0061185B /* CoreLocation.framework in Frameworks */,
				DA2B825019B0D87400306376 /* QuartzCore.framework in Frameworks */,
				DAFC780819B00B8700C66A14 /* CoreGraphics.framework in Frameworks */,
				DAFC780A19B00B8700C66A14 /* UIKit.framework in Frameworks */,
				DAFC780619B00B8700C66A14 /* Foundation.framework in Frameworks */,
				DACDCE8B1B0FC4B300A81163 /* FBSDKShareKit.framework in Frameworks */,
				DACDCE891B0FC4B300A81163 /* FBSDKCoreKit.framework in Frameworks */,
				BC3908FC39AB4446A8EBB045 /* libPods.a in Frameworks */,
			);
			runOnlyForDeploymentPostprocessing = 0;
		};
		DAFC782319B00B8700C66A14 /* Frameworks */ = {
			isa = PBXFrameworksBuildPhase;
			buildActionMask = 2147483647;
			files = (
				DAFC782819B00B8700C66A14 /* XCTest.framework in Frameworks */,
				DAFC782A19B00B8700C66A14 /* UIKit.framework in Frameworks */,
				DAFC782919B00B8700C66A14 /* Foundation.framework in Frameworks */,
			);
			runOnlyForDeploymentPostprocessing = 0;
		};
/* End PBXFrameworksBuildPhase section */

/* Begin PBXGroup section */
		047D4752B6755CD60143E433 /* Pods */ = {
			isa = PBXGroup;
			children = (
				F971F56D95BD80CFDA216A26 /* Pods.debug.xcconfig */,
				28F5187B4F9D16A6E308A827 /* Pods.release.xcconfig */,
			);
			name = Pods;
			sourceTree = "<group>";
		};
		DAD3B03A1B1B8BF9005EF1C5 /* RequestDetails */ = {
			isa = PBXGroup;
			children = (
				DAD3B03B1B1B8BF9005EF1C5 /* Delegate and Datasource */,
				DAD3B0421B1B8BF9005EF1C5 /* JobDetailViewController.h */,
				DAD3B0431B1B8BF9005EF1C5 /* JobDetailViewController.m */,
				DAD3B0441B1B8BF9005EF1C5 /* OffersTableViewCell.h */,
				DAD3B0451B1B8BF9005EF1C5 /* OffersTableViewCell.m */,
				DAD3B0461B1B8BF9005EF1C5 /* RequestDetailViewController.h */,
				DAD3B0471B1B8BF9005EF1C5 /* RequestDetailViewController.m */,
			);
			path = RequestDetails;
			sourceTree = "<group>";
		};
		DAD3B03B1B1B8BF9005EF1C5 /* Delegate and Datasource */ = {
			isa = PBXGroup;
			children = (
				DAD3B03C1B1B8BF9005EF1C5 /* OffersTabelViewDelegate.h */,
				DAD3B03D1B1B8BF9005EF1C5 /* OffersTabelViewDelegate.m */,
				DAD3B03E1B1B8BF9005EF1C5 /* OffersTableViewDatasource.h */,
				DAD3B03F1B1B8BF9005EF1C5 /* OffersTableViewDatasource.m */,
				DAD3B0401B1B8BF9005EF1C5 /* TPFloatRatingView.h */,
				DAD3B0411B1B8BF9005EF1C5 /* TPFloatRatingView.m */,
			);
			path = "Delegate and Datasource";
			sourceTree = "<group>";
		};
		DAD6FB841B1B756B006D9ED2 /* BidKraft */ = {
			isa = PBXGroup;
			children = (
				DAD6FCEA1B1B7951006D9ED2 /* Constants */,
				DAD6FCE31B1B7937006D9ED2 /* Networking */,
				DAD6FB851B1B756B006D9ED2 /* AppDelegate.h */,
				DAD6FB861B1B756B006D9ED2 /* AppDelegate.m */,
				DAD6FB871B1B756B006D9ED2 /* Main_iPhone.storyboard */,
				DAD6FC431B1B756C006D9ED2 /* TableCell.xib */,
				DAD6FB891B1B756B006D9ED2 /* BidKraft-Info.plist */,
				DAD6FB8A1B1B756B006D9ED2 /* BidKraft-Prefix.pch */,
				DAD6FB8D1B1B756B006D9ED2 /* Create Request */,
				DAD6FB901B1B756B006D9ED2 /* Custom Views */,
				DAD6FB931B1B756B006D9ED2 /* Date Utilities */,
				DAD6FB991B1B756B006D9ED2 /* InfoPlist.strings */,
				DAD6FB9B1B1B756B006D9ED2 /* Home */,
				DAD6FBC71B1B756B006D9ED2 /* Images */,
				DAD6FBE31B1B756B006D9ED2 /* Images.xcassets */,
				DAD6FBE51B1B756B006D9ED2 /* LoginViewController.h */,
				DAD6FBE61B1B756B006D9ED2 /* LoginViewController.m */,
				DAD6FBE71B1B756B006D9ED2 /* main.m */,
				DAD6FBE81B1B756B006D9ED2 /* Models */,
				DAD6FBFB1B1B756B006D9ED2 /* Payments */,
				DAD6FC021B1B756C006D9ED2 /* Registration */,
				DAD6FC251B1B756C006D9ED2 /* Search */,
				DAD6FC2F1B1B756C006D9ED2 /* Settings */,
				DAD6FC441B1B756C006D9ED2 /* ThirdParty */,
				DAD6FC621B1B756C006D9ED2 /* VendorViews */,
			);
			path = BidKraft;
			sourceTree = "<group>";
		};
		DAD6FB8D1B1B756B006D9ED2 /* Create Request */ = {
			isa = PBXGroup;
			children = (
				DAD6FB8E1B1B756B006D9ED2 /* CreateRequestViewController.h */,
				DAD6FB8F1B1B756B006D9ED2 /* CreateRequestViewController.m */,
			);
			path = "Create Request";
			sourceTree = "<group>";
		};
		DAD6FB901B1B756B006D9ED2 /* Custom Views */ = {
			isa = PBXGroup;
			children = (
				DAD6FB911B1B756B006D9ED2 /* UIBlurView.h */,
				DAD6FB921B1B756B006D9ED2 /* UIBlurView.m */,
			);
			path = "Custom Views";
			sourceTree = "<group>";
		};
		DAD6FB931B1B756B006D9ED2 /* Date Utilities */ = {
			isa = PBXGroup;
			children = (
				DAD6FB941B1B756B006D9ED2 /* NSDate+Utilities.h */,
				DAD6FB951B1B756B006D9ED2 /* NSDate+Utilities.m */,
			);
			path = "Date Utilities";
			sourceTree = "<group>";
		};
		DAD6FB9B1B1B756B006D9ED2 /* Home */ = {
			isa = PBXGroup;
			children = (
				DAD6FB9C1B1B756B006D9ED2 /* CollectionView */,
				DAD6FBA11B1B756B006D9ED2 /* Delegate and Datasource */,
				DAD6FBA81B1B756B006D9ED2 /* HomeViewController.h */,
				DAD6FBA91B1B756B006D9ED2 /* HomeViewController.m */,
				DAD6FBAA1B1B756B006D9ED2 /* PaymentTableCell */,
				DAD6FBAD1B1B756B006D9ED2 /* User */,
				DAD6FBB41B1B756B006D9ED2 /* UserTableCell */,
				DAD6FBB71B1B756B006D9ED2 /* Vendor */,
				DAD6FBC21B1B756B006D9ED2 /* VendorTableCell */,
				DAD6FBC51B1B756B006D9ED2 /* VendorViewController.h */,
				DAD6FBC61B1B756B006D9ED2 /* VendorViewController.m */,
			);
			path = Home;
			sourceTree = "<group>";
		};
		DAD6FB9C1B1B756B006D9ED2 /* CollectionView */ = {
			isa = PBXGroup;
			children = (
				DAD6FB9D1B1B756B006D9ED2 /* CategoryCollectionView.h */,
				DAD6FB9E1B1B756B006D9ED2 /* CategoryCollectionView.m */,
				DAD6FB9F1B1B756B006D9ED2 /* CategoryTypeCell.h */,
				DAD6FBA01B1B756B006D9ED2 /* CategoryTypeCell.m */,
			);
			path = CollectionView;
			sourceTree = "<group>";
		};
		DAD6FBA11B1B756B006D9ED2 /* Delegate and Datasource */ = {
			isa = PBXGroup;
			children = (
				DAD6FBA21B1B756B006D9ED2 /* CategoryCollectionViewDatasource.h */,
				DAD6FBA31B1B756B006D9ED2 /* CategoryCollectionViewDatasource.m */,
				DAD6FBA41B1B756B006D9ED2 /* CategoryCollectionViewDelgate.h */,
				DAD6FBA51B1B756B006D9ED2 /* CategoryCollectionViewDelgate.m */,
				DAD6FBA61B1B756B006D9ED2 /* CategoryCollectionViewFlowLayout.h */,
				DAD6FBA71B1B756B006D9ED2 /* CategoryCollectionViewFlowLayout.m */,
			);
			path = "Delegate and Datasource";
			sourceTree = "<group>";
		};
		DAD6FBAA1B1B756B006D9ED2 /* PaymentTableCell */ = {
			isa = PBXGroup;
			children = (
				DAD6FBAB1B1B756B006D9ED2 /* PaymentTableViewCell.h */,
				DAD6FBAC1B1B756B006D9ED2 /* PaymentTableViewCell.m */,
			);
			path = PaymentTableCell;
			sourceTree = "<group>";
		};
		DAD6FBAD1B1B756B006D9ED2 /* User */ = {
			isa = PBXGroup;
			children = (
				DAD6FBAE1B1B756B006D9ED2 /* AcceptedRequestsTableViewController.h */,
				DAD6FBAF1B1B756B006D9ED2 /* AcceptedRequestsTableViewController.m */,
				DAD6FBB01B1B756B006D9ED2 /* CompletedRequestsTableViewController.h */,
				DAD6FBB11B1B756B006D9ED2 /* CompletedRequestsTableViewController.m */,
				DAD6FBB21B1B756B006D9ED2 /* OpenRequestsTableViewController.h */,
				DAD6FBB31B1B756B006D9ED2 /* OpenRequestsTableViewController.m */,
			);
			path = User;
			sourceTree = "<group>";
		};
		DAD6FBB41B1B756B006D9ED2 /* UserTableCell */ = {
			isa = PBXGroup;
			children = (
				DAD6FBB51B1B756B006D9ED2 /* RequestTableViewCell.h */,
				DAD6FBB61B1B756B006D9ED2 /* RequestTableViewCell.m */,
			);
			path = UserTableCell;
			sourceTree = "<group>";
		};
		DAD6FBB71B1B756B006D9ED2 /* Vendor */ = {
			isa = PBXGroup;
			children = (
				DAD6FBB81B1B756B006D9ED2 /* RadiusTableViewCell.h */,
				DAD6FBB91B1B756B006D9ED2 /* RadiusTableViewCell.m */,
				DAD6FBBA1B1B756B006D9ED2 /* SettingsTableCell.h */,
				DAD6FBBB1B1B756B006D9ED2 /* SettingsTableCell.m */,
				DAD6FBBC1B1B756B006D9ED2 /* VendorBidsOwnedTableViewController.h */,
				DAD6FBBD1B1B756B006D9ED2 /* VendorBidsOwnedTableViewController.m */,
				DAD6FBBE1B1B756B006D9ED2 /* VendorOpenRequestsTableViewController.h */,
				DAD6FBBF1B1B756B006D9ED2 /* VendorOpenRequestsTableViewController.m */,
				DAD6FBC01B1B756B006D9ED2 /* VendorPlacedBidsTableViewController.h */,
				DAD6FBC11B1B756B006D9ED2 /* VendorPlacedBidsTableViewController.m */,
			);
			path = Vendor;
			sourceTree = "<group>";
		};
		DAD6FBC21B1B756B006D9ED2 /* VendorTableCell */ = {
			isa = PBXGroup;
			children = (
				DAD6FBC31B1B756B006D9ED2 /* VendorTableViewCell.h */,
				DAD6FBC41B1B756B006D9ED2 /* VendorTableViewCell.m */,
			);
			path = VendorTableCell;
			sourceTree = "<group>";
		};
		DAD6FBC71B1B756B006D9ED2 /* Images */ = {
			isa = PBXGroup;
			children = (
				DAD6FCD91B1B7708006D9ED2 /* camera.png */,
				DAD6FCDA1B1B7708006D9ED2 /* default_profile_pic.png */,
				DAD6FCDB1B1B7708006D9ED2 /* profile.png */,
				DAD6FCDC1B1B7708006D9ED2 /* star.png */,
				DAD6FCDD1B1B7708006D9ED2 /* star@2x.png */,
				DAD6FBC81B1B756B006D9ED2 /* accept.png */,
				DAD6FBC91B1B756B006D9ED2 /* bar.png */,
				DAD6FBCA1B1B756B006D9ED2 /* bidkraftTitle.png */,
				DAD6FBCC1B1B756B006D9ED2 /* createrequest.png */,
				DAD6FBCD1B1B756B006D9ED2 /* down_arrow.png */,
				DAD6FBCE1B1B756B006D9ED2 /* half_selected_star.png */,
				DAD6FBCF1B1B756B006D9ED2 /* half_selected_star@2x.png */,
				DAD6FBD01B1B756B006D9ED2 /* hammer.png */,
				DAD6FBD11B1B756B006D9ED2 /* icon.png */,
				DAD6FBD21B1B756B006D9ED2 /* login_logo.png */,
				DAD6FBD41B1B756B006D9ED2 /* not_selected_star.png */,
				DAD6FBD51B1B756B006D9ED2 /* not_selected_star@2x.png */,
				DAD6FBD61B1B756B006D9ED2 /* pet.png */,
				DAD6FBD81B1B756B006D9ED2 /* rigid_baby.png */,
				DAD6FBD91B1B756B006D9ED2 /* selected_star.png */,
				DAD6FBDA1B1B756B006D9ED2 /* selected_star@2x.png */,
				DAD6FBDB1B1B756B006D9ED2 /* settings.png */,
				DAD6FBDC1B1B756B006D9ED2 /* textbook.png */,
				DAD6FBDD1B1B756B006D9ED2 /* tutor.png */,
				DAD6FBE01B1B756B006D9ED2 /* up_arrow.png */,
				DAD6FBE11B1B756B006D9ED2 /* user_icon.png */,
				DAD6FBE21B1B756B006D9ED2 /* vendor_icon.png */,
			);
			path = Images;
			sourceTree = "<group>";
		};
		DAD6FBE81B1B756B006D9ED2 /* Models */ = {
			isa = PBXGroup;
			children = (
				DAD6FBE91B1B756B006D9ED2 /* BidDetails.h */,
				DAD6FBEA1B1B756B006D9ED2 /* BidDetails.m */,
				DAD6FBEB1B1B756B006D9ED2 /* ProfileData.h */,
				DAD6FBEC1B1B756B006D9ED2 /* ProfileData.m */,
				DAD6FBED1B1B756B006D9ED2 /* User.h */,
				DAD6FBEE1B1B756B006D9ED2 /* User.m */,
				DAD6FBEF1B1B756B006D9ED2 /* UserProfile.h */,
				DAD6FBF01B1B756B006D9ED2 /* UserProfile.m */,
				DAD6FBF11B1B756B006D9ED2 /* UserRequests.h */,
				DAD6FBF21B1B756B006D9ED2 /* UserRequests.m */,
				DAD6FBF31B1B756B006D9ED2 /* Vendor */,
				DAD6FBFA1B1B756B006D9ED2 /* VendorTableCell.xib */,
			);
			path = Models;
			sourceTree = "<group>";
		};
		DAD6FBF31B1B756B006D9ED2 /* Vendor */ = {
			isa = PBXGroup;
			children = (
				DAD6FBF41B1B756B006D9ED2 /* VendorBidDetail.h */,
				DAD6FBF51B1B756B006D9ED2 /* VendorBidDetail.m */,
				DAD6FBF61B1B756B006D9ED2 /* VendorBidRequest.h */,
				DAD6FBF71B1B756B006D9ED2 /* VendorBidRequest.m */,
				DAD6FBF81B1B756B006D9ED2 /* VendorData.h */,
				DAD6FBF91B1B756B006D9ED2 /* VendorData.m */,
			);
			path = Vendor;
			sourceTree = "<group>";
		};
		DAD6FBFB1B1B756B006D9ED2 /* Payments */ = {
			isa = PBXGroup;
			children = (
				DAD3B0371B1B8A3E005EF1C5 /* RequestPaymentViewController.h */,
				DAD3B0381B1B8A3E005EF1C5 /* RequestPaymentViewController.m */,
				DAD6FBFD1B1B756C006D9ED2 /* PayListViewController.h */,
				DAD6FBFE1B1B756C006D9ED2 /* PayListViewController.m */,
				DAD6FBFF1B1B756C006D9ED2 /* PaymentViewController.h */,
				DAD6FC001B1B756C006D9ED2 /* PaymentViewController.m */,
			);
			path = Payments;
			sourceTree = "<group>";
		};
		DAD6FC021B1B756C006D9ED2 /* Registration */ = {
			isa = PBXGroup;
			children = (
				DAD3B03A1B1B8BF9005EF1C5 /* RequestDetails */,
				DAD6FC031B1B756C006D9ED2 /* RegistrationDropDownCell.h */,
				DAD6FC041B1B756C006D9ED2 /* RegistrationDropDownCell.m */,
				DAD6FC051B1B756C006D9ED2 /* RegistrationTableViewCell.h */,
				DAD6FC061B1B756C006D9ED2 /* RegistrationTableViewCell.m */,
				DAD6FC071B1B756C006D9ED2 /* RegistrationViewController.h */,
				DAD6FC081B1B756C006D9ED2 /* RegistrationViewController.m */,
			);
			path = Registration;
			sourceTree = "<group>";
		};
		DAD6FC251B1B756C006D9ED2 /* Search */ = {
			isa = PBXGroup;
			children = (
				DAD6FC261B1B756C006D9ED2 /* ResultsSearchTableViewController.h */,
				DAD6FC271B1B756C006D9ED2 /* ResultsSearchTableViewController.m */,
				DAD6FC281B1B756C006D9ED2 /* SearchTableCell */,
				DAD6FC2D1B1B756C006D9ED2 /* VendorSearchTableViewController.h */,
				DAD6FC2E1B1B756C006D9ED2 /* VendorSearchTableViewController.m */,
			);
			path = Search;
			sourceTree = "<group>";
		};
		DAD6FC281B1B756C006D9ED2 /* SearchTableCell */ = {
			isa = PBXGroup;
			children = (
				DAD6FC291B1B756C006D9ED2 /* UserSearchTableViewCell.h */,
				DAD6FC2A1B1B756C006D9ED2 /* UserSearchTableViewCell.m */,
				DAD6FC2B1B1B756C006D9ED2 /* VendorSearchTableViewCell.h */,
				DAD6FC2C1B1B756C006D9ED2 /* VendorSearchTableViewCell.m */,
			);
			path = SearchTableCell;
			sourceTree = "<group>";
		};
		DAD6FC2F1B1B756C006D9ED2 /* Settings */ = {
			isa = PBXGroup;
			children = (
				DAD6FC301B1B756C006D9ED2 /* CustomerCareViewController.h */,
				DAD6FC311B1B756C006D9ED2 /* CustomerCareViewController.m */,
				DAD6FC321B1B756C006D9ED2 /* Profile */,
				DAD6FC391B1B756C006D9ED2 /* SettingsTableViewController.h */,
				DAD6FC3A1B1B756C006D9ED2 /* SettingsTableViewController.m */,
				DAD6FC3B1B1B756C006D9ED2 /* UserPeferencesTableViewController.h */,
				DAD6FC3C1B1B756C006D9ED2 /* UserPeferencesTableViewController.m */,
				DAD6FC3D1B1B756C006D9ED2 /* UserSettingsTableViewCell.h */,
				DAD6FC3E1B1B756C006D9ED2 /* UserSettingsTableViewCell.m */,
				DAD6FC3F1B1B756C006D9ED2 /* VendorPreferencesTableViewController.h */,
				DAD6FC401B1B756C006D9ED2 /* VendorPreferencesTableViewController.m */,
			);
			path = Settings;
			sourceTree = "<group>";
		};
		DAD6FC321B1B756C006D9ED2 /* Profile */ = {
			isa = PBXGroup;
			children = (
				DAD6FC331B1B756C006D9ED2 /* ProfileAddressView.h */,
				DAD6FC341B1B756C006D9ED2 /* ProfileAddressView.m */,
				DAD6FC351B1B756C006D9ED2 /* ProfileTableViewCell.h */,
				DAD6FC361B1B756C006D9ED2 /* ProfileTableViewCell.m */,
				DAD6FC371B1B756C006D9ED2 /* ProfileViewController.h */,
				DAD6FC381B1B756C006D9ED2 /* ProfileViewController.m */,
			);
			path = Profile;
			sourceTree = "<group>";
		};
		DAD6FC441B1B756C006D9ED2 /* ThirdParty */ = {
			isa = PBXGroup;
			children = (
				DAD6FC451B1B756C006D9ED2 /* AMTagListView */,
				DAD6FC4D1B1B756C006D9ED2 /* IQDropDownTextField */,
				DAD6FC501B1B756C006D9ED2 /* MPGNotification */,
				DAD6FC5C1B1B756C006D9ED2 /* Progress Bar */,
				DAD6FC5F1B1B756C006D9ED2 /* Rating */,
			);
			path = ThirdParty;
			sourceTree = "<group>";
		};
		DAD6FC451B1B756C006D9ED2 /* AMTagListView */ = {
			isa = PBXGroup;
			children = (
				DAD6FC461B1B756C006D9ED2 /* AMTagListView.h */,
				DAD6FC471B1B756C006D9ED2 /* AMTagListView.m */,
				DAD6FC481B1B756C006D9ED2 /* AMTagView.h */,
				DAD6FC491B1B756C006D9ED2 /* AMTagView.m */,
			);
			path = AMTagListView;
			sourceTree = "<group>";
		};
		DAD6FC4D1B1B756C006D9ED2 /* IQDropDownTextField */ = {
			isa = PBXGroup;
			children = (
				DAD6FC4E1B1B756C006D9ED2 /* IQDropDownTextField.h */,
				DAD6FC4F1B1B756C006D9ED2 /* IQDropDownTextField.m */,
			);
			path = IQDropDownTextField;
			sourceTree = "<group>";
		};
		DAD6FC501B1B756C006D9ED2 /* MPGNotification */ = {
			isa = PBXGroup;
			children = (
				DAD6FC511B1B756C006D9ED2 /* MPGNotification.h */,
				DAD6FC521B1B756C006D9ED2 /* MPGNotification.m */,
			);
			path = MPGNotification;
			sourceTree = "<group>";
		};
		DAD6FC5C1B1B756C006D9ED2 /* Progress Bar */ = {
			isa = PBXGroup;
			children = (
				DAD6FC5D1B1B756C006D9ED2 /* MBProgressHUD.h */,
				DAD6FC5E1B1B756C006D9ED2 /* MBProgressHUD.m */,
			);
			path = "Progress Bar";
			sourceTree = "<group>";
		};
		DAD6FC5F1B1B756C006D9ED2 /* Rating */ = {
			isa = PBXGroup;
			children = (
				DAD6FC601B1B756C006D9ED2 /* ASStarRatingView.h */,
				DAD6FC611B1B756C006D9ED2 /* ASStarRatingView.m */,
			);
			path = Rating;
			sourceTree = "<group>";
		};
		DAD6FC621B1B756C006D9ED2 /* VendorViews */ = {
			isa = PBXGroup;
			children = (
				DAD6FC631B1B756C006D9ED2 /* VendorPlacedBidViewController.h */,
				DAD6FC641B1B756C006D9ED2 /* VendorPlacedBidViewController.m */,
				DAD6FC651B1B756C006D9ED2 /* VendorRequestDetailViewController.h */,
				DAD6FC661B1B756C006D9ED2 /* VendorRequestDetailViewController.m */,
			);
			path = VendorViews;
			sourceTree = "<group>";
		};
		DAD6FCE31B1B7937006D9ED2 /* Networking */ = {
			isa = PBXGroup;
			children = (
				DAD6FCE41B1B7937006D9ED2 /* Reachability.h */,
				DAD6FCE51B1B7937006D9ED2 /* Reachability.m */,
				DAD6FCE61B1B7937006D9ED2 /* ServiceManager.h */,
				DAD6FCE71B1B7937006D9ED2 /* ServiceManager.m */,
			);
			path = Networking;
			sourceTree = "<group>";
		};
		DAD6FCEA1B1B7951006D9ED2 /* Constants */ = {
			isa = PBXGroup;
			children = (
				DAD6FCEB1B1B7951006D9ED2 /* CategoryIdConstants.h */,
				DAD6FCEC1B1B7951006D9ED2 /* CategoryIdConstants.m */,
				DAD6FCED1B1B7951006D9ED2 /* ServiceURLProvider.h */,
				DAD6FCEE1B1B7951006D9ED2 /* ServiceURLProvider.m */,
				DAD6FCEF1B1B7951006D9ED2 /* SystemLevelConstants.h */,
				DAD3B04F1B1BDF8F005EF1C5 /* CommonHeaderFiles.h */,
			);
			path = Constants;
			sourceTree = "<group>";
		};
		DAFC77F919B00B8700C66A14 = {
			isa = PBXGroup;
			children = (
				DAD6FB841B1B756B006D9ED2 /* BidKraft */,
				DAFC782D19B00B8700C66A14 /* NeighbourTests */,
				DAFC780419B00B8700C66A14 /* Frameworks */,
				DAFC780319B00B8700C66A14 /* Products */,
				047D4752B6755CD60143E433 /* Pods */,
			);
			sourceTree = "<group>";
		};
		DAFC780319B00B8700C66A14 /* Products */ = {
			isa = PBXGroup;
			children = (
				DAFC780219B00B8700C66A14 /* BidKraft.app */,
				DAFC782619B00B8700C66A14 /* BidKraftTests.xctest */,
			);
			name = Products;
			sourceTree = "<group>";
		};
		DAFC780419B00B8700C66A14 /* Frameworks */ = {
			isa = PBXGroup;
			children = (
				DAD6FBE41B1B756B006D9ED2 /* IQKeyboardManager.bundle */,
				DACDCE861B0FC4B300A81163 /* FBSDKCoreKit.framework */,
				DACDCE871B0FC4B300A81163 /* FBSDKLoginKit.framework */,
				DACDCE881B0FC4B300A81163 /* FBSDKShareKit.framework */,
				CA6C6BFF1A11E3F50075C43E /* AudioToolbox.framework */,
				CA6C6BFD1A11E3E80075C43E /* AVFoundation.framework */,
				CA6C6BFB1A11E3DA0075C43E /* CoreMedia.framework */,
				CA6C6BF91A11E3CB0075C43E /* MessageUI.framework */,
				CA6C6BF71A11E3BE0075C43E /* MobileCoreServices.framework */,
				CA6C6BF51A11E3B00075C43E /* SystemConfiguration.framework */,
				DA8DD6A019EC9B3D0061185B /* CoreLocation.framework */,
				DAE1325D19E059AC00769302 /* KeyboardManager.framework */,
				DA2B824F19B0D87400306376 /* QuartzCore.framework */,
				DAFC780519B00B8700C66A14 /* Foundation.framework */,
				DAFC780719B00B8700C66A14 /* CoreGraphics.framework */,
				DAFC780919B00B8700C66A14 /* UIKit.framework */,
				DAFC782719B00B8700C66A14 /* XCTest.framework */,
				4BE5DABF7FE949C2938F3A95 /* libPods.a */,
			);
			name = Frameworks;
			sourceTree = "<group>";
		};
		DAFC782D19B00B8700C66A14 /* NeighbourTests */ = {
			isa = PBXGroup;
			children = (
				DAFC783319B00B8700C66A14 /* NeighbourTests.m */,
				DAFC782E19B00B8700C66A14 /* Supporting Files */,
			);
			path = NeighbourTests;
			sourceTree = "<group>";
		};
		DAFC782E19B00B8700C66A14 /* Supporting Files */ = {
			isa = PBXGroup;
			children = (
				DAFC782F19B00B8700C66A14 /* BidKraftTests-Info.plist */,
				DAFC783019B00B8700C66A14 /* InfoPlist.strings */,
			);
			name = "Supporting Files";
			sourceTree = "<group>";
		};
/* End PBXGroup section */

/* Begin PBXNativeTarget section */
		DAFC780119B00B8700C66A14 /* BidKraft */ = {
			isa = PBXNativeTarget;
			buildConfigurationList = DAFC783719B00B8700C66A14 /* Build configuration list for PBXNativeTarget "BidKraft" */;
			buildPhases = (
				4A084C69F8624D3E8A30C144 /* Check Pods Manifest.lock */,
				DAFC77FE19B00B8700C66A14 /* Sources */,
				DAFC77FF19B00B8700C66A14 /* Frameworks */,
				DAFC780019B00B8700C66A14 /* Resources */,
				868E9B8226D941E1845D799A /* Copy Pods Resources */,
				DA0C3A941AD32E5A000BB30E /* ShellScript */,
			);
			buildRules = (
			);
			dependencies = (
			);
			name = BidKraft;
			productName = Neighbour;
			productReference = DAFC780219B00B8700C66A14 /* BidKraft.app */;
			productType = "com.apple.product-type.application";
		};
		DAFC782519B00B8700C66A14 /* BidKraftTests */ = {
			isa = PBXNativeTarget;
			buildConfigurationList = DAFC783A19B00B8700C66A14 /* Build configuration list for PBXNativeTarget "BidKraftTests" */;
			buildPhases = (
				DAFC782219B00B8700C66A14 /* Sources */,
				DAFC782319B00B8700C66A14 /* Frameworks */,
				DAFC782419B00B8700C66A14 /* Resources */,
			);
			buildRules = (
			);
			dependencies = (
				DAFC782C19B00B8700C66A14 /* PBXTargetDependency */,
			);
			name = BidKraftTests;
			productName = NeighbourTests;
			productReference = DAFC782619B00B8700C66A14 /* BidKraftTests.xctest */;
			productType = "com.apple.product-type.bundle.unit-test";
		};
/* End PBXNativeTarget section */

/* Begin PBXProject section */
		DAFC77FA19B00B8700C66A14 /* Project object */ = {
			isa = PBXProject;
			attributes = {
				LastUpgradeCheck = 0510;
				ORGANIZATIONNAME = ODU_HANDSON;
				TargetAttributes = {
					DAFC780119B00B8700C66A14 = {
						DevelopmentTeam = Y3BMC87S4X;
					};
					DAFC782519B00B8700C66A14 = {
						DevelopmentTeam = 93ENHAK6D6;
						TestTargetID = DAFC780119B00B8700C66A14;
					};
				};
			};
			buildConfigurationList = DAFC77FD19B00B8700C66A14 /* Build configuration list for PBXProject "BidKraft" */;
			compatibilityVersion = "Xcode 3.2";
			developmentRegion = English;
			hasScannedForEncodings = 0;
			knownRegions = (
				en,
				Base,
				he,
			);
			mainGroup = DAFC77F919B00B8700C66A14;
			productRefGroup = DAFC780319B00B8700C66A14 /* Products */;
			projectDirPath = "";
			projectRoot = "";
			targets = (
				DAFC780119B00B8700C66A14 /* BidKraft */,
				DAFC782519B00B8700C66A14 /* BidKraftTests */,
			);
		};
/* End PBXProject section */

/* Begin PBXResourcesBuildPhase section */
		DAFC780019B00B8700C66A14 /* Resources */ = {
			isa = PBXResourcesBuildPhase;
			buildActionMask = 2147483647;
			files = (
				DAD3B04E1B1BDDB7005EF1C5 /* InfoPlist.strings in Resources */,
				DAD6FC961B1B756C006D9ED2 /* selected_star.png in Resources */,
				DAD6FC9E1B1B756C006D9ED2 /* user_icon.png in Resources */,
				DAD6FC861B1B756C006D9ED2 /* bar.png in Resources */,
				DAD6FCDE1B1B7708006D9ED2 /* camera.png in Resources */,
				DAD6FC9D1B1B756C006D9ED2 /* up_arrow.png in Resources */,
				DAD6FCA11B1B756C006D9ED2 /* IQKeyboardManager.bundle in Resources */,
				DAD6FC8E1B1B756C006D9ED2 /* icon.png in Resources */,
				DAD6FC911B1B756C006D9ED2 /* not_selected_star.png in Resources */,
				DAD6FCE11B1B7708006D9ED2 /* star.png in Resources */,
				DAD6FC951B1B756C006D9ED2 /* rigid_baby.png in Resources */,
				DAD6FCAC1B1B756C006D9ED2 /* VendorTableCell.xib in Resources */,
				DAD6FCA01B1B756C006D9ED2 /* Images.xcassets in Resources */,
				DAD6FC921B1B756C006D9ED2 /* not_selected_star@2x.png in Resources */,
				DAD6FC9A1B1B756C006D9ED2 /* tutor.png in Resources */,
				DAD6FC981B1B756C006D9ED2 /* settings.png in Resources */,
				DAD6FCE21B1B7708006D9ED2 /* star@2x.png in Resources */,
				DAD6FC971B1B756C006D9ED2 /* selected_star@2x.png in Resources */,
				DAD6FC8C1B1B756C006D9ED2 /* half_selected_star@2x.png in Resources */,
				DAD6FC8B1B1B756C006D9ED2 /* half_selected_star.png in Resources */,
				DAD6FCE01B1B7708006D9ED2 /* profile.png in Resources */,
				DAD6FC681B1B756C006D9ED2 /* Main_iPhone.storyboard in Resources */,
				DAD6FC8F1B1B756C006D9ED2 /* login_logo.png in Resources */,
				DAD6FC891B1B756C006D9ED2 /* createrequest.png in Resources */,
				DAD6FC871B1B756C006D9ED2 /* bidkraftTitle.png in Resources */,
				DAD6FC9F1B1B756C006D9ED2 /* vendor_icon.png in Resources */,
				DAD6FC8A1B1B756C006D9ED2 /* down_arrow.png in Resources */,
				DAD6FC851B1B756C006D9ED2 /* accept.png in Resources */,
				DAD6FCDF1B1B7708006D9ED2 /* default_profile_pic.png in Resources */,
				DAD6FC991B1B756C006D9ED2 /* textbook.png in Resources */,
				DAD6FC8D1B1B756C006D9ED2 /* hammer.png in Resources */,
				DAD6FCCE1B1B756C006D9ED2 /* TableCell.xib in Resources */,
				DAD6FC931B1B756C006D9ED2 /* pet.png in Resources */,
			);
			runOnlyForDeploymentPostprocessing = 0;
		};
		DAFC782419B00B8700C66A14 /* Resources */ = {
			isa = PBXResourcesBuildPhase;
			buildActionMask = 2147483647;
			files = (
				DAFC783219B00B8700C66A14 /* InfoPlist.strings in Resources */,
			);
			runOnlyForDeploymentPostprocessing = 0;
		};
/* End PBXResourcesBuildPhase section */

/* Begin PBXShellScriptBuildPhase section */
		4A084C69F8624D3E8A30C144 /* Check Pods Manifest.lock */ = {
			isa = PBXShellScriptBuildPhase;
			buildActionMask = 2147483647;
			files = (
			);
			inputPaths = (
			);
			name = "Check Pods Manifest.lock";
			outputPaths = (
			);
			runOnlyForDeploymentPostprocessing = 0;
			shellPath = /bin/sh;
			shellScript = "diff \"${PODS_ROOT}/../Podfile.lock\" \"${PODS_ROOT}/Manifest.lock\" > /dev/null\nif [[ $? != 0 ]] ; then\n    cat << EOM\nerror: The sandbox is not in sync with the Podfile.lock. Run 'pod install' or update your CocoaPods installation.\nEOM\n    exit 1\nfi\n";
			showEnvVarsInLog = 0;
		};
		868E9B8226D941E1845D799A /* Copy Pods Resources */ = {
			isa = PBXShellScriptBuildPhase;
			buildActionMask = 2147483647;
			files = (
			);
			inputPaths = (
			);
			name = "Copy Pods Resources";
			outputPaths = (
			);
			runOnlyForDeploymentPostprocessing = 0;
			shellPath = /bin/sh;
			shellScript = "\"${SRCROOT}/Pods/Target Support Files/Pods/Pods-resources.sh\"\n";
			showEnvVarsInLog = 0;
		};
		DA0C3A941AD32E5A000BB30E /* ShellScript */ = {
			isa = PBXShellScriptBuildPhase;
			buildActionMask = 12;
			files = (
			);
			inputPaths = (
			);
			outputPaths = (
			);
			runOnlyForDeploymentPostprocessing = 0;
			shellPath = /bin/sh;
			shellScript = "./Fabric.framework/run dfda912f2eed08069e93fb15fffe5e0d63d12a05 8a658c7884f0bccbedc93774bc84c9fb370682c6fd1f292559bb59fa9dddc67f";
		};
/* End PBXShellScriptBuildPhase section */

/* Begin PBXSourcesBuildPhase section */
		DAFC77FE19B00B8700C66A14 /* Sources */ = {
			isa = PBXSourcesBuildPhase;
			buildActionMask = 2147483647;
			files = (
				DAD6FC771B1B756C006D9ED2 /* CategoryCollectionViewFlowLayout.m in Sources */,
				DAD6FC7D1B1B756C006D9ED2 /* RequestTableViewCell.m in Sources */,
				DAD6FCC91B1B756C006D9ED2 /* UserPeferencesTableViewController.m in Sources */,
				DAD6FCC41B1B756C006D9ED2 /* CustomerCareViewController.m in Sources */,
				DAD6FCD01B1B756C006D9ED2 /* AMTagView.m in Sources */,
				DAD6FCC81B1B756C006D9ED2 /* SettingsTableViewController.m in Sources */,
				DAD6FCAB1B1B756C006D9ED2 /* VendorData.m in Sources */,
				DAD6FCC61B1B756C006D9ED2 /* ProfileTableViewCell.m in Sources */,
				DAD6FCF01B1B7951006D9ED2 /* CategoryIdConstants.m in Sources */,
				DAD6FCCB1B1B756C006D9ED2 /* VendorPreferencesTableViewController.m in Sources */,
				DAD6FCA21B1B756C006D9ED2 /* LoginViewController.m in Sources */,
				DAD6FC7B1B1B756C006D9ED2 /* CompletedRequestsTableViewController.m in Sources */,
				DAD6FCA81B1B756C006D9ED2 /* UserRequests.m in Sources */,
				DAD6FCC51B1B756C006D9ED2 /* ProfileAddressView.m in Sources */,
				DAD6FCD31B1B756C006D9ED2 /* MPGNotification.m in Sources */,
				DAD6FC7A1B1B756C006D9ED2 /* AcceptedRequestsTableViewController.m in Sources */,
				DAD6FC731B1B756C006D9ED2 /* CategoryCollectionView.m in Sources */,
				DAD6FCF11B1B7951006D9ED2 /* ServiceURLProvider.m in Sources */,
				DAD6FCA91B1B756C006D9ED2 /* VendorBidDetail.m in Sources */,
				DAD6FCC11B1B756C006D9ED2 /* UserSearchTableViewCell.m in Sources */,
				DAD6FC741B1B756C006D9ED2 /* CategoryTypeCell.m in Sources */,
				DAD6FCC01B1B756C006D9ED2 /* ResultsSearchTableViewController.m in Sources */,
				DAD6FC671B1B756C006D9ED2 /* AppDelegate.m in Sources */,
				DAD6FC6C1B1B756C006D9ED2 /* CreateRequestViewController.m in Sources */,
				DAD6FC7E1B1B756C006D9ED2 /* RadiusTableViewCell.m in Sources */,
				DAD3B0491B1B8BF9005EF1C5 /* OffersTableViewDatasource.m in Sources */,
				DAD6FCD51B1B756C006D9ED2 /* MBProgressHUD.m in Sources */,
				DAD6FCB11B1B756C006D9ED2 /* RegistrationDropDownCell.m in Sources */,
				DAD6FCAF1B1B756C006D9ED2 /* PaymentViewController.m in Sources */,
				DAD6FCD71B1B756C006D9ED2 /* VendorPlacedBidViewController.m in Sources */,
				DAD6FC831B1B756C006D9ED2 /* VendorTableViewCell.m in Sources */,
				DAD6FCD61B1B756C006D9ED2 /* ASStarRatingView.m in Sources */,
				DAD6FC7C1B1B756C006D9ED2 /* OpenRequestsTableViewController.m in Sources */,
				DAD6FCB31B1B756C006D9ED2 /* RegistrationViewController.m in Sources */,
				DAD6FCAE1B1B756C006D9ED2 /* PayListViewController.m in Sources */,
				DAD6FCA41B1B756C006D9ED2 /* BidDetails.m in Sources */,
				DAD6FC811B1B756C006D9ED2 /* VendorOpenRequestsTableViewController.m in Sources */,
				DAD3B04D1B1B8BF9005EF1C5 /* RequestDetailViewController.m in Sources */,
				DAD6FCE91B1B7937006D9ED2 /* ServiceManager.m in Sources */,
				DAD3B0391B1B8A3E005EF1C5 /* RequestPaymentViewController.m in Sources */,
				DAD3B04A1B1B8BF9005EF1C5 /* TPFloatRatingView.m in Sources */,
				DAD6FCD81B1B756C006D9ED2 /* VendorRequestDetailViewController.m in Sources */,
				DAD6FC6D1B1B756C006D9ED2 /* UIBlurView.m in Sources */,
				DAD6FCA31B1B756C006D9ED2 /* main.m in Sources */,
				DAD6FCC71B1B756C006D9ED2 /* ProfileViewController.m in Sources */,
				DAD6FCB21B1B756C006D9ED2 /* RegistrationTableViewCell.m in Sources */,
				DAD6FC801B1B756C006D9ED2 /* VendorBidsOwnedTableViewController.m in Sources */,
				DAD6FC841B1B756C006D9ED2 /* VendorViewController.m in Sources */,
				DAD6FCA61B1B756C006D9ED2 /* User.m in Sources */,
				DAD6FCE81B1B7937006D9ED2 /* Reachability.m in Sources */,
				DAD6FCC21B1B756C006D9ED2 /* VendorSearchTableViewCell.m in Sources */,
				DAD6FC821B1B756C006D9ED2 /* VendorPlacedBidsTableViewController.m in Sources */,
				DAD3B0481B1B8BF9005EF1C5 /* OffersTabelViewDelegate.m in Sources */,
				DAD3B04B1B1B8BF9005EF1C5 /* JobDetailViewController.m in Sources */,
				DAD6FC761B1B756C006D9ED2 /* CategoryCollectionViewDelgate.m in Sources */,
				DAD6FCCA1B1B756C006D9ED2 /* UserSettingsTableViewCell.m in Sources */,
				DAD6FCA71B1B756C006D9ED2 /* UserProfile.m in Sources */,
				DAD6FCD21B1B756C006D9ED2 /* IQDropDownTextField.m in Sources */,
				DAD6FCC31B1B756C006D9ED2 /* VendorSearchTableViewController.m in Sources */,
				DAD6FC791B1B756C006D9ED2 /* PaymentTableViewCell.m in Sources */,
				DAD6FCCF1B1B756C006D9ED2 /* AMTagListView.m in Sources */,
				DAD6FCA51B1B756C006D9ED2 /* ProfileData.m in Sources */,
				DAD3B04C1B1B8BF9005EF1C5 /* OffersTableViewCell.m in Sources */,
				DAD6FC6E1B1B756C006D9ED2 /* NSDate+Utilities.m in Sources */,
				DAD6FC751B1B756C006D9ED2 /* CategoryCollectionViewDatasource.m in Sources */,
				DAD6FC781B1B756C006D9ED2 /* HomeViewController.m in Sources */,
				DAD6FC7F1B1B756C006D9ED2 /* SettingsTableCell.m in Sources */,
				DAD6FCAA1B1B756C006D9ED2 /* VendorBidRequest.m in Sources */,
			);
			runOnlyForDeploymentPostprocessing = 0;
		};
		DAFC782219B00B8700C66A14 /* Sources */ = {
			isa = PBXSourcesBuildPhase;
			buildActionMask = 2147483647;
			files = (
				DAFC783419B00B8700C66A14 /* NeighbourTests.m in Sources */,
			);
			runOnlyForDeploymentPostprocessing = 0;
		};
/* End PBXSourcesBuildPhase section */

/* Begin PBXTargetDependency section */
		DAFC782C19B00B8700C66A14 /* PBXTargetDependency */ = {
			isa = PBXTargetDependency;
			target = DAFC780119B00B8700C66A14 /* BidKraft */;
			targetProxy = DAFC782B19B00B8700C66A14 /* PBXContainerItemProxy */;
		};
/* End PBXTargetDependency section */

/* Begin PBXVariantGroup section */
		DAD6FB871B1B756B006D9ED2 /* Main_iPhone.storyboard */ = {
			isa = PBXVariantGroup;
			children = (
				DAD6FB881B1B756B006D9ED2 /* Base */,
			);
			name = Main_iPhone.storyboard;
			sourceTree = "<group>";
		};
		DAD6FB991B1B756B006D9ED2 /* InfoPlist.strings */ = {
			isa = PBXVariantGroup;
			children = (
				DAD6FB9A1B1B756B006D9ED2 /* en */,
			);
			name = InfoPlist.strings;
			sourceTree = "<group>";
		};
		DAFC783019B00B8700C66A14 /* InfoPlist.strings */ = {
			isa = PBXVariantGroup;
			children = (
				DAFC783119B00B8700C66A14 /* en */,
			);
			name = InfoPlist.strings;
			sourceTree = "<group>";
		};
/* End PBXVariantGroup section */

/* Begin XCBuildConfiguration section */
		DAFC783519B00B8700C66A14 /* Debug */ = {
			isa = XCBuildConfiguration;
			buildSettings = {
				ALWAYS_SEARCH_USER_PATHS = NO;
				CLANG_CXX_LANGUAGE_STANDARD = "gnu++0x";
				CLANG_CXX_LIBRARY = "libc++";
				CLANG_ENABLE_MODULES = YES;
				CLANG_ENABLE_OBJC_ARC = YES;
				CLANG_WARN_BOOL_CONVERSION = YES;
				CLANG_WARN_CONSTANT_CONVERSION = YES;
				CLANG_WARN_DIRECT_OBJC_ISA_USAGE = YES_ERROR;
				CLANG_WARN_EMPTY_BODY = YES;
				CLANG_WARN_ENUM_CONVERSION = YES;
				CLANG_WARN_INT_CONVERSION = YES;
				CLANG_WARN_OBJC_ROOT_CLASS = YES_ERROR;
				CLANG_WARN__DUPLICATE_METHOD_MATCH = YES;
				CODE_SIGN_IDENTITY = "iPhone Developer: Ajay Gupta (A4ML9ND742)";
				"CODE_SIGN_IDENTITY[sdk=iphoneos*]" = "iPhone Distribution";
				COPY_PHASE_STRIP = NO;
				GCC_C_LANGUAGE_STANDARD = gnu99;
				GCC_DYNAMIC_NO_PIC = NO;
				GCC_OPTIMIZATION_LEVEL = 0;
				GCC_PREPROCESSOR_DEFINITIONS = (
					"DEBUG=1",
					"$(inherited)",
				);
				GCC_SYMBOLS_PRIVATE_EXTERN = NO;
				GCC_WARN_64_TO_32_BIT_CONVERSION = YES;
				GCC_WARN_ABOUT_RETURN_TYPE = YES_ERROR;
				GCC_WARN_UNDECLARED_SELECTOR = YES;
				GCC_WARN_UNINITIALIZED_AUTOS = YES_AGGRESSIVE;
				GCC_WARN_UNUSED_FUNCTION = YES;
				GCC_WARN_UNUSED_VARIABLE = YES;
				IPHONEOS_DEPLOYMENT_TARGET = 8.0;
				ONLY_ACTIVE_ARCH = YES;
				PROVISIONING_PROFILE = "80b65bdb-6303-43e2-9dfa-54f49d088afd";
				SDKROOT = iphoneos;
				TARGETED_DEVICE_FAMILY = "1,2";
			};
			name = Debug;
		};
		DAFC783619B00B8700C66A14 /* Release */ = {
			isa = XCBuildConfiguration;
			buildSettings = {
				ALWAYS_SEARCH_USER_PATHS = NO;
				CLANG_CXX_LANGUAGE_STANDARD = "gnu++0x";
				CLANG_CXX_LIBRARY = "libc++";
				CLANG_ENABLE_MODULES = YES;
				CLANG_ENABLE_OBJC_ARC = YES;
				CLANG_WARN_BOOL_CONVERSION = YES;
				CLANG_WARN_CONSTANT_CONVERSION = YES;
				CLANG_WARN_DIRECT_OBJC_ISA_USAGE = YES_ERROR;
				CLANG_WARN_EMPTY_BODY = YES;
				CLANG_WARN_ENUM_CONVERSION = YES;
				CLANG_WARN_INT_CONVERSION = YES;
				CLANG_WARN_OBJC_ROOT_CLASS = YES_ERROR;
				CLANG_WARN__DUPLICATE_METHOD_MATCH = YES;
				CODE_SIGN_IDENTITY = "iPhone Developer: Ajay Gupta (A4ML9ND742)";
				"CODE_SIGN_IDENTITY[sdk=iphoneos*]" = "iPhone Distribution";
				COPY_PHASE_STRIP = YES;
				ENABLE_NS_ASSERTIONS = NO;
				GCC_C_LANGUAGE_STANDARD = gnu99;
				GCC_WARN_64_TO_32_BIT_CONVERSION = YES;
				GCC_WARN_ABOUT_RETURN_TYPE = YES_ERROR;
				GCC_WARN_UNDECLARED_SELECTOR = YES;
				GCC_WARN_UNINITIALIZED_AUTOS = YES_AGGRESSIVE;
				GCC_WARN_UNUSED_FUNCTION = YES;
				GCC_WARN_UNUSED_VARIABLE = YES;
				IPHONEOS_DEPLOYMENT_TARGET = 8.0;
				PROVISIONING_PROFILE = "80b65bdb-6303-43e2-9dfa-54f49d088afd";
				SDKROOT = iphoneos;
				TARGETED_DEVICE_FAMILY = "1,2";
				VALIDATE_PRODUCT = YES;
			};
			name = Release;
		};
		DAFC783819B00B8700C66A14 /* Debug */ = {
			isa = XCBuildConfiguration;
			baseConfigurationReference = F971F56D95BD80CFDA216A26 /* Pods.debug.xcconfig */;
			buildSettings = {
				ALWAYS_SEARCH_USER_PATHS = NO;
				ASSETCATALOG_COMPILER_APPICON_NAME = AppIcon;
				ASSETCATALOG_COMPILER_LAUNCHIMAGE_NAME = LaunchImage;
				CODE_SIGN_IDENTITY = "iPhone Distribution";
				"CODE_SIGN_IDENTITY[sdk=iphoneos*]" = "iPhone Developer";
				FRAMEWORK_SEARCH_PATHS = (
					"$(inherited)",
					"$(PROJECT_DIR)",
				);
				GCC_PRECOMPILE_PREFIX_HEADER = YES;
				GCC_PREFIX_HEADER = "BidKraft/BidKraft-Prefix.pch";
				INFOPLIST_FILE = "$(SRCROOT)/BidKraft/BidKraft-Info.plist";
				IPHONEOS_DEPLOYMENT_TARGET = 8.0;
				LD_RUNPATH_SEARCH_PATHS = "$(inherited) @executable_path/Frameworks";
				LIBRARY_SEARCH_PATHS = "$(inherited)";
				OTHER_LDFLAGS = (
					"-ObjC",
					"-framework",
					CoreGraphics,
					"-framework",
					MobileCoreServices,
					"-framework",
					Security,
					"-framework",
					SystemConfiguration,
					"-lc++",
					"$(inherited)",
				);
				PRODUCT_NAME = BidKraft;
				PROVISIONING_PROFILE = "";
				TARGETED_DEVICE_FAMILY = 1;
				"USER_HEADER_SEARCH_PATHS[arch=*]" = "";
				WRAPPER_EXTENSION = app;
			};
			name = Debug;
		};
		DAFC783919B00B8700C66A14 /* Release */ = {
			isa = XCBuildConfiguration;
			baseConfigurationReference = 28F5187B4F9D16A6E308A827 /* Pods.release.xcconfig */;
			buildSettings = {
				ALWAYS_SEARCH_USER_PATHS = NO;
				ASSETCATALOG_COMPILER_APPICON_NAME = AppIcon;
				ASSETCATALOG_COMPILER_LAUNCHIMAGE_NAME = LaunchImage;
				CODE_SIGN_IDENTITY = "iPhone Distribution";
				"CODE_SIGN_IDENTITY[sdk=iphoneos*]" = "iPhone Developer";
				FRAMEWORK_SEARCH_PATHS = (
					"$(inherited)",
					"$(PROJECT_DIR)",
				);
				GCC_PRECOMPILE_PREFIX_HEADER = YES;
				GCC_PREFIX_HEADER = "BidKraft/BidKraft-Prefix.pch";
				INFOPLIST_FILE = "$(SRCROOT)/BidKraft/BidKraft-Info.plist";
				IPHONEOS_DEPLOYMENT_TARGET = 8.0;
				LD_RUNPATH_SEARCH_PATHS = "$(inherited) @executable_path/Frameworks";
				LIBRARY_SEARCH_PATHS = "$(inherited)";
				OTHER_LDFLAGS = (
					"-ObjC",
					"-framework",
					CoreGraphics,
					"-framework",
					MobileCoreServices,
					"-framework",
					Security,
					"-framework",
					SystemConfiguration,
					"-lc++",
					"$(inherited)",
				);
				PRODUCT_NAME = BidKraft;
				PROVISIONING_PROFILE = "";
				TARGETED_DEVICE_FAMILY = 1;
				WRAPPER_EXTENSION = app;
			};
			name = Release;
		};
		DAFC783B19B00B8700C66A14 /* Debug */ = {
			isa = XCBuildConfiguration;
			buildSettings = {
				BUNDLE_LOADER = "$(BUILT_PRODUCTS_DIR)/Neighbour.app/Neighbour";
				FRAMEWORK_SEARCH_PATHS = (
					"$(SDKROOT)/Developer/Library/Frameworks",
					"$(inherited)",
					"$(DEVELOPER_FRAMEWORKS_DIR)",
				);
				GCC_PRECOMPILE_PREFIX_HEADER = YES;
				GCC_PREFIX_HEADER = "Neighbour/Neighbour-Prefix.pch";
				GCC_PREPROCESSOR_DEFINITIONS = (
					"DEBUG=1",
					"$(inherited)",
				);
				INFOPLIST_FILE = "NeighbourTests/BidKraftTests-Info.plist";
				PRODUCT_NAME = BidKraftTests;
				TEST_HOST = "$(BUNDLE_LOADER)";
				WRAPPER_EXTENSION = xctest;
			};
			name = Debug;
		};
		DAFC783C19B00B8700C66A14 /* Release */ = {
			isa = XCBuildConfiguration;
			buildSettings = {
				BUNDLE_LOADER = "$(BUILT_PRODUCTS_DIR)/Neighbour.app/Neighbour";
				FRAMEWORK_SEARCH_PATHS = (
					"$(SDKROOT)/Developer/Library/Frameworks",
					"$(inherited)",
					"$(DEVELOPER_FRAMEWORKS_DIR)",
				);
				GCC_PRECOMPILE_PREFIX_HEADER = YES;
				GCC_PREFIX_HEADER = "Neighbour/Neighbour-Prefix.pch";
				INFOPLIST_FILE = "NeighbourTests/BidKraftTests-Info.plist";
				PRODUCT_NAME = BidKraftTests;
				TEST_HOST = "$(BUNDLE_LOADER)";
				WRAPPER_EXTENSION = xctest;
			};
			name = Release;
		};
/* End XCBuildConfiguration section */

/* Begin XCConfigurationList section */
		DAFC77FD19B00B8700C66A14 /* Build configuration list for PBXProject "BidKraft" */ = {
			isa = XCConfigurationList;
			buildConfigurations = (
				DAFC783519B00B8700C66A14 /* Debug */,
				DAFC783619B00B8700C66A14 /* Release */,
			);
			defaultConfigurationIsVisible = 0;
			defaultConfigurationName = Release;
		};
		DAFC783719B00B8700C66A14 /* Build configuration list for PBXNativeTarget "BidKraft" */ = {
			isa = XCConfigurationList;
			buildConfigurations = (
				DAFC783819B00B8700C66A14 /* Debug */,
				DAFC783919B00B8700C66A14 /* Release */,
			);
			defaultConfigurationIsVisible = 0;
			defaultConfigurationName = Release;
		};
		DAFC783A19B00B8700C66A14 /* Build configuration list for PBXNativeTarget "BidKraftTests" */ = {
			isa = XCConfigurationList;
			buildConfigurations = (
				DAFC783B19B00B8700C66A14 /* Debug */,
				DAFC783C19B00B8700C66A14 /* Release */,
			);
			defaultConfigurationIsVisible = 0;
			defaultConfigurationName = Release;
		};
/* End XCConfigurationList section */
	};
	rootObject = DAFC77FA19B00B8700C66A14 /* Project object */;
}
